// !$*UTF8*$!
{
	archiveVersion = 1;
	classes = {
	};
	objectVersion = 56;
	objects = {

/* Begin PBXBuildFile section */
		6A37DCD47369310179A05B9E /* Pods_IdentifyMusic.framework in Frameworks */ = {isa = PBXBuildFile; fileRef = 1FD09DE62ECB2504FDAF6D4B /* Pods_IdentifyMusic.framework */; };
		BB1645F22BB17DDC00E10257 /* PListOptionsVC.swift in Sources */ = {isa = PBXBuildFile; fileRef = BB1645F12BB17DDC00E10257 /* PListOptionsVC.swift */; };
		BB1645F42BB17EBA00E10257 /* Public.swift in Sources */ = {isa = PBXBuildFile; fileRef = BB1645F32BB17EBA00E10257 /* Public.swift */; };
		BB1645F92BB2BE4400E10257 /* PListOptionsVC.storyboard in Resources */ = {isa = PBXBuildFile; fileRef = BB1645F82BB2BE4400E10257 /* PListOptionsVC.storyboard */; };
		BB1646022BB2BFBD00E10257 /* PlayFullSongsVC.swift in Sources */ = {isa = PBXBuildFile; fileRef = BB1646012BB2BFBD00E10257 /* PlayFullSongsVC.swift */; };
		BB1646042BB2BFC600E10257 /* PlayFullSongsVC.storyboard in Resources */ = {isa = PBXBuildFile; fileRef = BB1646032BB2BFC600E10257 /* PlayFullSongsVC.storyboard */; };
		BB3A57902BAB3F2E001AC9FD /* SearchVC.storyboard in Resources */ = {isa = PBXBuildFile; fileRef = BB3A578F2BAB3F2E001AC9FD /* SearchVC.storyboard */; };
		BB3A57922BAB3F45001AC9FD /* HistoryVC.storyboard in Resources */ = {isa = PBXBuildFile; fileRef = BB3A57912BAB3F45001AC9FD /* HistoryVC.storyboard */; };
		BB4DB5352BBD61530081E62C /* UIView+CALayer.swift in Sources */ = {isa = PBXBuildFile; fileRef = BB4DB5342BBD61530081E62C /* UIView+CALayer.swift */; };
		BB526F8F2BA28BB9006E6322 /* PlaylistVC.swift in Sources */ = {isa = PBXBuildFile; fileRef = BB526F8D2BA28BB9006E6322 /* PlaylistVC.swift */; };
		BB526F932BA28E0E006E6322 /* PlaylistVC.storyboard in Resources */ = {isa = PBXBuildFile; fileRef = BB526F922BA28E0E006E6322 /* PlaylistVC.storyboard */; };
		BB526FA92BA29F0D006E6322 /* Heebo-Regular.ttf in Resources */ = {isa = PBXBuildFile; fileRef = BB526FA82BA29F0D006E6322 /* Heebo-Regular.ttf */; };
		BB526FAC2BA2A23A006E6322 /* Extension + UIColor.swift in Sources */ = {isa = PBXBuildFile; fileRef = BB526FAB2BA2A23A006E6322 /* Extension + UIColor.swift */; };
		BB7B47A02BBE9C5000DAE561 /* Extension+RoundedCorners.swift in Sources */ = {isa = PBXBuildFile; fileRef = BB7B479F2BBE9C5000DAE561 /* Extension+RoundedCorners.swift */; };
		BB8594F12BAEA90900E85A6F /* ConnectAppleMusicVC.swift in Sources */ = {isa = PBXBuildFile; fileRef = BB8594F02BAEA90900E85A6F /* ConnectAppleMusicVC.swift */; };
		BB8594F42BAEA92300E85A6F /* ConnectAppleMusicVC.storyboard in Resources */ = {isa = PBXBuildFile; fileRef = BB8594F32BAEA92300E85A6F /* ConnectAppleMusicVC.storyboard */; };
		BB85B8E12BBA35700099DE56 /* SearchVC+SearchBar.swift in Sources */ = {isa = PBXBuildFile; fileRef = BB85B8E02BBA35700099DE56 /* SearchVC+SearchBar.swift */; };
		BB85B8E32BBA60770099DE56 /* PulseAnimation.swift in Sources */ = {isa = PBXBuildFile; fileRef = BB85B8E22BBA60770099DE56 /* PulseAnimation.swift */; };
		BB85B8E62BBC28DA0099DE56 /* HistoryVC+TableView.swift in Sources */ = {isa = PBXBuildFile; fileRef = BB85B8E52BBC28DA0099DE56 /* HistoryVC+TableView.swift */; };
		BB954FBF2BA94947001F12C0 /* PlistVC + TableView.swift in Sources */ = {isa = PBXBuildFile; fileRef = BB954FBE2BA94947001F12C0 /* PlistVC + TableView.swift */; };
		BB954FC12BA94987001F12C0 /* PlistVC + CollectionView.swift in Sources */ = {isa = PBXBuildFile; fileRef = BB954FC02BA94987001F12C0 /* PlistVC + CollectionView.swift */; };
		BB954FC32BA94A41001F12C0 /* PlistVC+SearchBar.swift in Sources */ = {isa = PBXBuildFile; fileRef = BB954FC22BA94A41001F12C0 /* PlistVC+SearchBar.swift */; };
		BB954FC62BA94C57001F12C0 /* CreatePlistVC.swift in Sources */ = {isa = PBXBuildFile; fileRef = BB954FC52BA94C57001F12C0 /* CreatePlistVC.swift */; };
		BB954FC82BA94C9B001F12C0 /* CreatePlistVC.storyboard in Resources */ = {isa = PBXBuildFile; fileRef = BB954FC72BA94C9B001F12C0 /* CreatePlistVC.storyboard */; };
		BBAC07942BA6E7F900971473 /* PlistTableCell.swift in Sources */ = {isa = PBXBuildFile; fileRef = BBAC07922BA6E7F900971473 /* PlistTableCell.swift */; };
		BBAC07952BA6E7F900971473 /* PlistTableCell.xib in Resources */ = {isa = PBXBuildFile; fileRef = BBAC07932BA6E7F900971473 /* PlistTableCell.xib */; };
		BBAE80C22BB80E910083F621 /* PremiumVC.swift in Sources */ = {isa = PBXBuildFile; fileRef = BBAE80C12BB80E910083F621 /* PremiumVC.swift */; };
		BBAE80C42BB80E9B0083F621 /* PremiumVC.storyboard in Resources */ = {isa = PBXBuildFile; fileRef = BBAE80C32BB80E9B0083F621 /* PremiumVC.storyboard */; };
		BBAE80C82BB81B4B0083F621 /* LinkedAccountsVC.swift in Sources */ = {isa = PBXBuildFile; fileRef = BBAE80C72BB81B4B0083F621 /* LinkedAccountsVC.swift */; };
		BBAE80CA2BB81B590083F621 /* LinkedAccountVC.storyboard in Resources */ = {isa = PBXBuildFile; fileRef = BBAE80C92BB81B590083F621 /* LinkedAccountVC.storyboard */; };
		BBAE80CD2BB81F930083F621 /* NotAvailableVC.swift in Sources */ = {isa = PBXBuildFile; fileRef = BBAE80CC2BB81F930083F621 /* NotAvailableVC.swift */; };
		BBAE80CF2BB81F9D0083F621 /* NotAvailableVC.storyboard in Resources */ = {isa = PBXBuildFile; fileRef = BBAE80CE2BB81F9D0083F621 /* NotAvailableVC.storyboard */; };
		BBF224C82BB16B6A00B99A66 /* SongOptionsVC.swift in Sources */ = {isa = PBXBuildFile; fileRef = BBF224C72BB16B6A00B99A66 /* SongOptionsVC.swift */; };
		BBF224CA2BB16BA200B99A66 /* SongOptionsVC.storyboard in Resources */ = {isa = PBXBuildFile; fileRef = BBF224C92BB16BA200B99A66 /* SongOptionsVC.storyboard */; };
		BBFE3CC92BA8565600BA7863 /* TrendsCollectionCell.swift in Sources */ = {isa = PBXBuildFile; fileRef = BBFE3CC72BA8565600BA7863 /* TrendsCollectionCell.swift */; };
		BBFE3CCA2BA8565600BA7863 /* TrendsCollectionCell.xib in Resources */ = {isa = PBXBuildFile; fileRef = BBFE3CC82BA8565600BA7863 /* TrendsCollectionCell.xib */; };
		BBFFA96B2BC016CC005BD5B5 /* Heebo-Medium.ttf in Resources */ = {isa = PBXBuildFile; fileRef = BBFFA96A2BC016CC005BD5B5 /* Heebo-Medium.ttf */; };
		BBFFA96E2BC11275005BD5B5 /* LunchScreenLoadVC.storyboard in Resources */ = {isa = PBXBuildFile; fileRef = BBFFA96D2BC11275005BD5B5 /* LunchScreenLoadVC.storyboard */; };
		BBFFA9702BC11283005BD5B5 /* LunchScreenLoadVC.swift in Sources */ = {isa = PBXBuildFile; fileRef = BBFFA96F2BC11283005BD5B5 /* LunchScreenLoadVC.swift */; };
		BBFFA9742BC20960005BD5B5 /* MusicTableVC.swift in Sources */ = {isa = PBXBuildFile; fileRef = BBFFA9732BC20960005BD5B5 /* MusicTableVC.swift */; };
		BBFFA9762BC20977005BD5B5 /* MusicTableVC.storyboard in Resources */ = {isa = PBXBuildFile; fileRef = BBFFA9752BC20977005BD5B5 /* MusicTableVC.storyboard */; };
		BBFFA9782BC20A56005BD5B5 /* MusicTableVC+TableView.swift in Sources */ = {isa = PBXBuildFile; fileRef = BBFFA9772BC20A56005BD5B5 /* MusicTableVC+TableView.swift */; };
		BBFFA97B2BC21305005BD5B5 /* PlaylistsTableVC.swift in Sources */ = {isa = PBXBuildFile; fileRef = BBFFA97A2BC21305005BD5B5 /* PlaylistsTableVC.swift */; };
		BBFFA97D2BC21312005BD5B5 /* PlaylistsTableVC.storyboard in Resources */ = {isa = PBXBuildFile; fileRef = BBFFA97C2BC21312005BD5B5 /* PlaylistsTableVC.storyboard */; };
		BBFFA97F2BC2136B005BD5B5 /* PlaylistsTableVC+TableView.swift in Sources */ = {isa = PBXBuildFile; fileRef = BBFFA97E2BC2136B005BD5B5 /* PlaylistsTableVC+TableView.swift */; };
		BBFFA9812BC214AB005BD5B5 /* TrendsCollectionVC.swift in Sources */ = {isa = PBXBuildFile; fileRef = BBFFA9802BC214AB005BD5B5 /* TrendsCollectionVC.swift */; };
		BBFFA9832BC214B5005BD5B5 /* TrendsCollectionVC.storyboard in Resources */ = {isa = PBXBuildFile; fileRef = BBFFA9822BC214B5005BD5B5 /* TrendsCollectionVC.storyboard */; };
		BBFFA9862BC2152F005BD5B5 /* TrendsCollection+CollectionView.swift in Sources */ = {isa = PBXBuildFile; fileRef = BBFFA9852BC2152F005BD5B5 /* TrendsCollection+CollectionView.swift */; };
		F73B5A872B9CA73F00521C7F /* MainTabBar.swift in Sources */ = {isa = PBXBuildFile; fileRef = F73B5A862B9CA73F00521C7F /* MainTabBar.swift */; };
		F73B5A892B9CA7F100521C7F /* HistoryVC.swift in Sources */ = {isa = PBXBuildFile; fileRef = F73B5A882B9CA7F100521C7F /* HistoryVC.swift */; };
		F748FAE82BBD82B300A3488B /* HistoryVC+SearchBar.swift in Sources */ = {isa = PBXBuildFile; fileRef = F748FAE72BBD82B300A3488B /* HistoryVC+SearchBar.swift */; };
		F748FAEA2BBD854E00A3488B /* UILabel+Gradient.swift in Sources */ = {isa = PBXBuildFile; fileRef = F748FAE92BBD854E00A3488B /* UILabel+Gradient.swift */; };
		F748FAEE2BBD8C0B00A3488B /* HistoryTableCell.swift in Sources */ = {isa = PBXBuildFile; fileRef = F748FAEC2BBD8C0B00A3488B /* HistoryTableCell.swift */; };
		F748FAEF2BBD8C0B00A3488B /* HistoryTableCell.xib in Resources */ = {isa = PBXBuildFile; fileRef = F748FAED2BBD8C0B00A3488B /* HistoryTableCell.xib */; };
		F748FAF22BBF5A8600A3488B /* SettingsVC.swift in Sources */ = {isa = PBXBuildFile; fileRef = F748FAF12BBF5A8600A3488B /* SettingsVC.swift */; };
		F748FAF42BBF5A9200A3488B /* SettingsVC.storyboard in Resources */ = {isa = PBXBuildFile; fileRef = F748FAF32BBF5A9200A3488B /* SettingsVC.storyboard */; };
		F7754E9F2BAB3583003956C0 /* PlayerVC.storyboard in Resources */ = {isa = PBXBuildFile; fileRef = F7754E9D2BAB3582003956C0 /* PlayerVC.storyboard */; };
		F7754EA02BAB3583003956C0 /* PlayerVC.swift in Sources */ = {isa = PBXBuildFile; fileRef = F7754E9E2BAB3582003956C0 /* PlayerVC.swift */; };
		F7754EA22BAB35A1003956C0 /* UiView+CornerRadius.swift in Sources */ = {isa = PBXBuildFile; fileRef = F7754EA12BAB35A1003956C0 /* UiView+CornerRadius.swift */; };
		F7754EAB2BAB35DD003956C0 /* AppleMusicAPI.swift in Sources */ = {isa = PBXBuildFile; fileRef = F7754EA62BAB35DD003956C0 /* AppleMusicAPI.swift */; };
		F7754EAC2BAB35DD003956C0 /* Constants.swift in Sources */ = {isa = PBXBuildFile; fileRef = F7754EA72BAB35DD003956C0 /* Constants.swift */; };
		F7754EAD2BAB35DD003956C0 /* Song.swift in Sources */ = {isa = PBXBuildFile; fileRef = F7754EA92BAB35DD003956C0 /* Song.swift */; };
		F7754EB02BAB3652003956C0 /* SelfSizedTableView.swift in Sources */ = {isa = PBXBuildFile; fileRef = F7754EAF2BAB3652003956C0 /* SelfSizedTableView.swift */; };
		F77623192BC0D87A0071D202 /* UIView+360.swift in Sources */ = {isa = PBXBuildFile; fileRef = F77623182BC0D87A0071D202 /* UIView+360.swift */; };
		F78571CD2B9AC030000AC75E /* AppDelegate.swift in Sources */ = {isa = PBXBuildFile; fileRef = F78571CC2B9AC030000AC75E /* AppDelegate.swift */; };
		F78571D12B9AC030000AC75E /* SearchVC.swift in Sources */ = {isa = PBXBuildFile; fileRef = F78571D02B9AC030000AC75E /* SearchVC.swift */; };
		F78571D62B9AC032000AC75E /* Assets.xcassets in Resources */ = {isa = PBXBuildFile; fileRef = F78571D52B9AC032000AC75E /* Assets.xcassets */; };
		F78571D92B9AC032000AC75E /* LaunchScreen.storyboard in Resources */ = {isa = PBXBuildFile; fileRef = F78571D72B9AC032000AC75E /* LaunchScreen.storyboard */; };
		F79E80C52BC630CA0028644C /* FilePresentationController.swift in Sources */ = {isa = PBXBuildFile; fileRef = F79E80C42BC630CA0028644C /* FilePresentationController.swift */; };
		F79E80C82BC631AC0028644C /* LyricsVC.swift in Sources */ = {isa = PBXBuildFile; fileRef = F79E80C72BC631AC0028644C /* LyricsVC.swift */; };
		F79E80CA2BC631B60028644C /* LyricsVC.storyboard in Resources */ = {isa = PBXBuildFile; fileRef = F79E80C92BC631B60028644C /* LyricsVC.storyboard */; };
		F7D7D97D2BC51CC500896EAB /* SearchResultsVC.swift in Sources */ = {isa = PBXBuildFile; fileRef = F7D7D97C2BC51CC500896EAB /* SearchResultsVC.swift */; };
		F7D7D97F2BC51CCE00896EAB /* SearchResultsVC.storyboard in Resources */ = {isa = PBXBuildFile; fileRef = F7D7D97E2BC51CCE00896EAB /* SearchResultsVC.storyboard */; };
		F7D7D9812BC51F1000896EAB /* SearchResults+TableView.swift in Sources */ = {isa = PBXBuildFile; fileRef = F7D7D9802BC51F1000896EAB /* SearchResults+TableView.swift */; };
		F7D7D9832BC51F8400896EAB /* SearchResults+SearchBar.swift in Sources */ = {isa = PBXBuildFile; fileRef = F7D7D9822BC51F8400896EAB /* SearchResults+SearchBar.swift */; };
/* End PBXBuildFile section */

/* Begin PBXFileReference section */
		1FD09DE62ECB2504FDAF6D4B /* Pods_IdentifyMusic.framework */ = {isa = PBXFileReference; explicitFileType = wrapper.framework; includeInIndex = 0; path = Pods_IdentifyMusic.framework; sourceTree = BUILT_PRODUCTS_DIR; };
		40A91D91660040A3126CF9D9 /* Pods-IdentifyMusic.release.xcconfig */ = {isa = PBXFileReference; includeInIndex = 1; lastKnownFileType = text.xcconfig; name = "Pods-IdentifyMusic.release.xcconfig"; path = "Target Support Files/Pods-IdentifyMusic/Pods-IdentifyMusic.release.xcconfig"; sourceTree = "<group>"; };
		B59387F5BC9962A72DA77DBA /* Pods-IdentifyMusic.debug.xcconfig */ = {isa = PBXFileReference; includeInIndex = 1; lastKnownFileType = text.xcconfig; name = "Pods-IdentifyMusic.debug.xcconfig"; path = "Target Support Files/Pods-IdentifyMusic/Pods-IdentifyMusic.debug.xcconfig"; sourceTree = "<group>"; };
		BB1645F12BB17DDC00E10257 /* PListOptionsVC.swift */ = {isa = PBXFileReference; lastKnownFileType = sourcecode.swift; path = PListOptionsVC.swift; sourceTree = "<group>"; };
		BB1645F32BB17EBA00E10257 /* Public.swift */ = {isa = PBXFileReference; lastKnownFileType = sourcecode.swift; path = Public.swift; sourceTree = "<group>"; };
		BB1645F82BB2BE4400E10257 /* PListOptionsVC.storyboard */ = {isa = PBXFileReference; lastKnownFileType = file.storyboard; path = PListOptionsVC.storyboard; sourceTree = "<group>"; };
		BB1646012BB2BFBD00E10257 /* PlayFullSongsVC.swift */ = {isa = PBXFileReference; lastKnownFileType = sourcecode.swift; path = PlayFullSongsVC.swift; sourceTree = "<group>"; };
		BB1646032BB2BFC600E10257 /* PlayFullSongsVC.storyboard */ = {isa = PBXFileReference; lastKnownFileType = file.storyboard; path = PlayFullSongsVC.storyboard; sourceTree = "<group>"; };
		BB3A578F2BAB3F2E001AC9FD /* SearchVC.storyboard */ = {isa = PBXFileReference; lastKnownFileType = file.storyboard; path = SearchVC.storyboard; sourceTree = "<group>"; };
		BB3A57912BAB3F45001AC9FD /* HistoryVC.storyboard */ = {isa = PBXFileReference; lastKnownFileType = file.storyboard; path = HistoryVC.storyboard; sourceTree = "<group>"; };
		BB4DB5342BBD61530081E62C /* UIView+CALayer.swift */ = {isa = PBXFileReference; lastKnownFileType = sourcecode.swift; path = "UIView+CALayer.swift"; sourceTree = "<group>"; };
		BB526F8D2BA28BB9006E6322 /* PlaylistVC.swift */ = {isa = PBXFileReference; lastKnownFileType = sourcecode.swift; path = PlaylistVC.swift; sourceTree = "<group>"; };
		BB526F922BA28E0E006E6322 /* PlaylistVC.storyboard */ = {isa = PBXFileReference; lastKnownFileType = file.storyboard; path = PlaylistVC.storyboard; sourceTree = "<group>"; };
		BB526FA82BA29F0D006E6322 /* Heebo-Regular.ttf */ = {isa = PBXFileReference; lastKnownFileType = file; path = "Heebo-Regular.ttf"; sourceTree = "<group>"; };
		BB526FAB2BA2A23A006E6322 /* Extension + UIColor.swift */ = {isa = PBXFileReference; lastKnownFileType = sourcecode.swift; path = "Extension + UIColor.swift"; sourceTree = "<group>"; };
		BB7B479F2BBE9C5000DAE561 /* Extension+RoundedCorners.swift */ = {isa = PBXFileReference; lastKnownFileType = sourcecode.swift; path = "Extension+RoundedCorners.swift"; sourceTree = "<group>"; };
		BB8594F02BAEA90900E85A6F /* ConnectAppleMusicVC.swift */ = {isa = PBXFileReference; lastKnownFileType = sourcecode.swift; path = ConnectAppleMusicVC.swift; sourceTree = "<group>"; };
		BB8594F32BAEA92300E85A6F /* ConnectAppleMusicVC.storyboard */ = {isa = PBXFileReference; lastKnownFileType = file.storyboard; path = ConnectAppleMusicVC.storyboard; sourceTree = "<group>"; };
		BB85B8E02BBA35700099DE56 /* SearchVC+SearchBar.swift */ = {isa = PBXFileReference; lastKnownFileType = sourcecode.swift; path = "SearchVC+SearchBar.swift"; sourceTree = "<group>"; };
		BB85B8E22BBA60770099DE56 /* PulseAnimation.swift */ = {isa = PBXFileReference; lastKnownFileType = sourcecode.swift; path = PulseAnimation.swift; sourceTree = "<group>"; };
		BB85B8E52BBC28DA0099DE56 /* HistoryVC+TableView.swift */ = {isa = PBXFileReference; lastKnownFileType = sourcecode.swift; path = "HistoryVC+TableView.swift"; sourceTree = "<group>"; };
		BB954FBE2BA94947001F12C0 /* PlistVC + TableView.swift */ = {isa = PBXFileReference; lastKnownFileType = sourcecode.swift; path = "PlistVC + TableView.swift"; sourceTree = "<group>"; };
		BB954FC02BA94987001F12C0 /* PlistVC + CollectionView.swift */ = {isa = PBXFileReference; lastKnownFileType = sourcecode.swift; path = "PlistVC + CollectionView.swift"; sourceTree = "<group>"; };
		BB954FC22BA94A41001F12C0 /* PlistVC+SearchBar.swift */ = {isa = PBXFileReference; lastKnownFileType = sourcecode.swift; path = "PlistVC+SearchBar.swift"; sourceTree = "<group>"; };
		BB954FC52BA94C57001F12C0 /* CreatePlistVC.swift */ = {isa = PBXFileReference; lastKnownFileType = sourcecode.swift; path = CreatePlistVC.swift; sourceTree = "<group>"; };
		BB954FC72BA94C9B001F12C0 /* CreatePlistVC.storyboard */ = {isa = PBXFileReference; lastKnownFileType = file.storyboard; path = CreatePlistVC.storyboard; sourceTree = "<group>"; };
		BBAC07922BA6E7F900971473 /* PlistTableCell.swift */ = {isa = PBXFileReference; lastKnownFileType = sourcecode.swift; path = PlistTableCell.swift; sourceTree = "<group>"; };
		BBAC07932BA6E7F900971473 /* PlistTableCell.xib */ = {isa = PBXFileReference; lastKnownFileType = file.xib; path = PlistTableCell.xib; sourceTree = "<group>"; };
		BBAE80C12BB80E910083F621 /* PremiumVC.swift */ = {isa = PBXFileReference; lastKnownFileType = sourcecode.swift; path = PremiumVC.swift; sourceTree = "<group>"; };
		BBAE80C32BB80E9B0083F621 /* PremiumVC.storyboard */ = {isa = PBXFileReference; lastKnownFileType = file.storyboard; path = PremiumVC.storyboard; sourceTree = "<group>"; };
		BBAE80C72BB81B4B0083F621 /* LinkedAccountsVC.swift */ = {isa = PBXFileReference; lastKnownFileType = sourcecode.swift; path = LinkedAccountsVC.swift; sourceTree = "<group>"; };
		BBAE80C92BB81B590083F621 /* LinkedAccountVC.storyboard */ = {isa = PBXFileReference; lastKnownFileType = file.storyboard; path = LinkedAccountVC.storyboard; sourceTree = "<group>"; };
		BBAE80CC2BB81F930083F621 /* NotAvailableVC.swift */ = {isa = PBXFileReference; lastKnownFileType = sourcecode.swift; path = NotAvailableVC.swift; sourceTree = "<group>"; };
		BBAE80CE2BB81F9D0083F621 /* NotAvailableVC.storyboard */ = {isa = PBXFileReference; lastKnownFileType = file.storyboard; path = NotAvailableVC.storyboard; sourceTree = "<group>"; };
		BBF224C72BB16B6A00B99A66 /* SongOptionsVC.swift */ = {isa = PBXFileReference; lastKnownFileType = sourcecode.swift; path = SongOptionsVC.swift; sourceTree = "<group>"; };
		BBF224C92BB16BA200B99A66 /* SongOptionsVC.storyboard */ = {isa = PBXFileReference; lastKnownFileType = file.storyboard; path = SongOptionsVC.storyboard; sourceTree = "<group>"; };
		BBFE3CC72BA8565600BA7863 /* TrendsCollectionCell.swift */ = {isa = PBXFileReference; lastKnownFileType = sourcecode.swift; path = TrendsCollectionCell.swift; sourceTree = "<group>"; };
		BBFE3CC82BA8565600BA7863 /* TrendsCollectionCell.xib */ = {isa = PBXFileReference; lastKnownFileType = file.xib; path = TrendsCollectionCell.xib; sourceTree = "<group>"; };
		BBFFA96A2BC016CC005BD5B5 /* Heebo-Medium.ttf */ = {isa = PBXFileReference; lastKnownFileType = file; path = "Heebo-Medium.ttf"; sourceTree = "<group>"; };
		BBFFA96D2BC11275005BD5B5 /* LunchScreenLoadVC.storyboard */ = {isa = PBXFileReference; lastKnownFileType = file.storyboard; path = LunchScreenLoadVC.storyboard; sourceTree = "<group>"; };
		BBFFA96F2BC11283005BD5B5 /* LunchScreenLoadVC.swift */ = {isa = PBXFileReference; lastKnownFileType = sourcecode.swift; path = LunchScreenLoadVC.swift; sourceTree = "<group>"; };
		BBFFA9732BC20960005BD5B5 /* MusicTableVC.swift */ = {isa = PBXFileReference; lastKnownFileType = sourcecode.swift; path = MusicTableVC.swift; sourceTree = "<group>"; };
		BBFFA9752BC20977005BD5B5 /* MusicTableVC.storyboard */ = {isa = PBXFileReference; lastKnownFileType = file.storyboard; path = MusicTableVC.storyboard; sourceTree = "<group>"; };
		BBFFA9772BC20A56005BD5B5 /* MusicTableVC+TableView.swift */ = {isa = PBXFileReference; lastKnownFileType = sourcecode.swift; path = "MusicTableVC+TableView.swift"; sourceTree = "<group>"; };
		BBFFA97A2BC21305005BD5B5 /* PlaylistsTableVC.swift */ = {isa = PBXFileReference; lastKnownFileType = sourcecode.swift; path = PlaylistsTableVC.swift; sourceTree = "<group>"; };
		BBFFA97C2BC21312005BD5B5 /* PlaylistsTableVC.storyboard */ = {isa = PBXFileReference; lastKnownFileType = file.storyboard; path = PlaylistsTableVC.storyboard; sourceTree = "<group>"; };
		BBFFA97E2BC2136B005BD5B5 /* PlaylistsTableVC+TableView.swift */ = {isa = PBXFileReference; lastKnownFileType = sourcecode.swift; path = "PlaylistsTableVC+TableView.swift"; sourceTree = "<group>"; };
		BBFFA9802BC214AB005BD5B5 /* TrendsCollectionVC.swift */ = {isa = PBXFileReference; lastKnownFileType = sourcecode.swift; path = TrendsCollectionVC.swift; sourceTree = "<group>"; };
		BBFFA9822BC214B5005BD5B5 /* TrendsCollectionVC.storyboard */ = {isa = PBXFileReference; lastKnownFileType = file.storyboard; path = TrendsCollectionVC.storyboard; sourceTree = "<group>"; };
		BBFFA9852BC2152F005BD5B5 /* TrendsCollection+CollectionView.swift */ = {isa = PBXFileReference; lastKnownFileType = sourcecode.swift; path = "TrendsCollection+CollectionView.swift"; sourceTree = "<group>"; };
		F73B5A862B9CA73F00521C7F /* MainTabBar.swift */ = {isa = PBXFileReference; lastKnownFileType = sourcecode.swift; path = MainTabBar.swift; sourceTree = "<group>"; };
		F73B5A882B9CA7F100521C7F /* HistoryVC.swift */ = {isa = PBXFileReference; lastKnownFileType = sourcecode.swift; path = HistoryVC.swift; sourceTree = "<group>"; };
		F748FAE72BBD82B300A3488B /* HistoryVC+SearchBar.swift */ = {isa = PBXFileReference; lastKnownFileType = sourcecode.swift; path = "HistoryVC+SearchBar.swift"; sourceTree = "<group>"; };
		F748FAE92BBD854E00A3488B /* UILabel+Gradient.swift */ = {isa = PBXFileReference; lastKnownFileType = sourcecode.swift; path = "UILabel+Gradient.swift"; sourceTree = "<group>"; };
		F748FAEC2BBD8C0B00A3488B /* HistoryTableCell.swift */ = {isa = PBXFileReference; lastKnownFileType = sourcecode.swift; path = HistoryTableCell.swift; sourceTree = "<group>"; };
		F748FAED2BBD8C0B00A3488B /* HistoryTableCell.xib */ = {isa = PBXFileReference; lastKnownFileType = file.xib; path = HistoryTableCell.xib; sourceTree = "<group>"; };
		F748FAF12BBF5A8600A3488B /* SettingsVC.swift */ = {isa = PBXFileReference; lastKnownFileType = sourcecode.swift; path = SettingsVC.swift; sourceTree = "<group>"; };
		F748FAF32BBF5A9200A3488B /* SettingsVC.storyboard */ = {isa = PBXFileReference; lastKnownFileType = file.storyboard; path = SettingsVC.storyboard; sourceTree = "<group>"; };
		F7754E9D2BAB3582003956C0 /* PlayerVC.storyboard */ = {isa = PBXFileReference; fileEncoding = 4; lastKnownFileType = file.storyboard; path = PlayerVC.storyboard; sourceTree = "<group>"; };
		F7754E9E2BAB3582003956C0 /* PlayerVC.swift */ = {isa = PBXFileReference; fileEncoding = 4; lastKnownFileType = sourcecode.swift; path = PlayerVC.swift; sourceTree = "<group>"; };
		F7754EA12BAB35A1003956C0 /* UiView+CornerRadius.swift */ = {isa = PBXFileReference; fileEncoding = 4; lastKnownFileType = sourcecode.swift; path = "UiView+CornerRadius.swift"; sourceTree = "<group>"; };
		F7754EA62BAB35DD003956C0 /* AppleMusicAPI.swift */ = {isa = PBXFileReference; fileEncoding = 4; lastKnownFileType = sourcecode.swift; path = AppleMusicAPI.swift; sourceTree = "<group>"; };
		F7754EA72BAB35DD003956C0 /* Constants.swift */ = {isa = PBXFileReference; fileEncoding = 4; lastKnownFileType = sourcecode.swift; path = Constants.swift; sourceTree = "<group>"; };
		F7754EA92BAB35DD003956C0 /* Song.swift */ = {isa = PBXFileReference; fileEncoding = 4; lastKnownFileType = sourcecode.swift; path = Song.swift; sourceTree = "<group>"; };
		F7754EAF2BAB3652003956C0 /* SelfSizedTableView.swift */ = {isa = PBXFileReference; fileEncoding = 4; lastKnownFileType = sourcecode.swift; path = SelfSizedTableView.swift; sourceTree = "<group>"; };
		F77623182BC0D87A0071D202 /* UIView+360.swift */ = {isa = PBXFileReference; lastKnownFileType = sourcecode.swift; path = "UIView+360.swift"; sourceTree = "<group>"; };
		F78571C92B9AC030000AC75E /* IdentifyMusic.app */ = {isa = PBXFileReference; explicitFileType = wrapper.application; includeInIndex = 0; path = IdentifyMusic.app; sourceTree = BUILT_PRODUCTS_DIR; };
		F78571CC2B9AC030000AC75E /* AppDelegate.swift */ = {isa = PBXFileReference; lastKnownFileType = sourcecode.swift; path = AppDelegate.swift; sourceTree = "<group>"; };
		F78571D02B9AC030000AC75E /* SearchVC.swift */ = {isa = PBXFileReference; lastKnownFileType = sourcecode.swift; path = SearchVC.swift; sourceTree = "<group>"; };
		F78571D52B9AC032000AC75E /* Assets.xcassets */ = {isa = PBXFileReference; lastKnownFileType = folder.assetcatalog; path = Assets.xcassets; sourceTree = "<group>"; };
		F78571D82B9AC032000AC75E /* Base */ = {isa = PBXFileReference; lastKnownFileType = file.storyboard; name = Base; path = Base.lproj/LaunchScreen.storyboard; sourceTree = "<group>"; };
		F78571DA2B9AC032000AC75E /* Info.plist */ = {isa = PBXFileReference; lastKnownFileType = text.plist.xml; path = Info.plist; sourceTree = "<group>"; };
		F79E80C42BC630CA0028644C /* FilePresentationController.swift */ = {isa = PBXFileReference; lastKnownFileType = sourcecode.swift; path = FilePresentationController.swift; sourceTree = "<group>"; };
		F79E80C72BC631AC0028644C /* LyricsVC.swift */ = {isa = PBXFileReference; lastKnownFileType = sourcecode.swift; path = LyricsVC.swift; sourceTree = "<group>"; };
		F79E80C92BC631B60028644C /* LyricsVC.storyboard */ = {isa = PBXFileReference; lastKnownFileType = file.storyboard; path = LyricsVC.storyboard; sourceTree = "<group>"; };
		F7D7D97C2BC51CC500896EAB /* SearchResultsVC.swift */ = {isa = PBXFileReference; lastKnownFileType = sourcecode.swift; path = SearchResultsVC.swift; sourceTree = "<group>"; };
		F7D7D97E2BC51CCE00896EAB /* SearchResultsVC.storyboard */ = {isa = PBXFileReference; lastKnownFileType = file.storyboard; path = SearchResultsVC.storyboard; sourceTree = "<group>"; };
		F7D7D9802BC51F1000896EAB /* SearchResults+TableView.swift */ = {isa = PBXFileReference; lastKnownFileType = sourcecode.swift; path = "SearchResults+TableView.swift"; sourceTree = "<group>"; };
		F7D7D9822BC51F8400896EAB /* SearchResults+SearchBar.swift */ = {isa = PBXFileReference; lastKnownFileType = sourcecode.swift; path = "SearchResults+SearchBar.swift"; sourceTree = "<group>"; };
/* End PBXFileReference section */

/* Begin PBXFrameworksBuildPhase section */
		F78571C62B9AC030000AC75E /* Frameworks */ = {
			isa = PBXFrameworksBuildPhase;
			buildActionMask = 2147483647;
			files = (
				6A37DCD47369310179A05B9E /* Pods_IdentifyMusic.framework in Frameworks */,
			);
			runOnlyForDeploymentPostprocessing = 0;
		};
/* End PBXFrameworksBuildPhase section */

/* Begin PBXGroup section */
		21E08F2AE486614DFA3396C8 /* Pods */ = {
			isa = PBXGroup;
			children = (
				B59387F5BC9962A72DA77DBA /* Pods-IdentifyMusic.debug.xcconfig */,
				40A91D91660040A3126CF9D9 /* Pods-IdentifyMusic.release.xcconfig */,
			);
			path = Pods;
			sourceTree = "<group>";
		};
		BB1645ED2BB17D7A00E10257 /* SongOptions */ = {
			isa = PBXGroup;
			children = (
				BBF224C72BB16B6A00B99A66 /* SongOptionsVC.swift */,
				BBF224C92BB16BA200B99A66 /* SongOptionsVC.storyboard */,
			);
			path = SongOptions;
			sourceTree = "<group>";
		};
		BB1645EE2BB17D8D00E10257 /* PListOptions */ = {
			isa = PBXGroup;
			children = (
				BB1645F12BB17DDC00E10257 /* PListOptionsVC.swift */,
				BB1645F82BB2BE4400E10257 /* PListOptionsVC.storyboard */,
			);
			path = PListOptions;
			sourceTree = "<group>";
		};
		BB1646002BB2BF9300E10257 /* PlayFullSongs */ = {
			isa = PBXGroup;
			children = (
				BB1646012BB2BFBD00E10257 /* PlayFullSongsVC.swift */,
				BB1646032BB2BFC600E10257 /* PlayFullSongsVC.storyboard */,
			);
			path = PlayFullSongs;
			sourceTree = "<group>";
		};
		BB3A578B2BAB3E69001AC9FD /* Search */ = {
			isa = PBXGroup;
			children = (
				F7D7D97B2BC51CB400896EAB /* SearchResultsVC */,
				F7D7D97A2BC51CA600896EAB /* SearchVC */,
			);
			path = Search;
			sourceTree = "<group>";
		};
		BB3A578C2BAB3E9C001AC9FD /* History */ = {
			isa = PBXGroup;
			children = (
				F73B5A882B9CA7F100521C7F /* HistoryVC.swift */,
				BB3A57912BAB3F45001AC9FD /* HistoryVC.storyboard */,
				BB85B8E52BBC28DA0099DE56 /* HistoryVC+TableView.swift */,
				F748FAE72BBD82B300A3488B /* HistoryVC+SearchBar.swift */,
				F748FAEB2BBD8BEA00A3488B /* HistoryTableCell */,
			);
			path = History;
			sourceTree = "<group>";
		};
		BB3A578D2BAB3EBF001AC9FD /* MainTabBar */ = {
			isa = PBXGroup;
			children = (
				F73B5A862B9CA73F00521C7F /* MainTabBar.swift */,
			);
			path = MainTabBar;
			sourceTree = "<group>";
		};
		BB3A57932BAB3FD4001AC9FD /* LunchScreen */ = {
			isa = PBXGroup;
			children = (
				F78571D72B9AC032000AC75E /* LaunchScreen.storyboard */,
			);
			path = LunchScreen;
			sourceTree = "<group>";
		};
		BB3A57942BAB3FEF001AC9FD /* Helpers */ = {
			isa = PBXGroup;
			children = (
				F7754EA72BAB35DD003956C0 /* Constants.swift */,
				BB1645F32BB17EBA00E10257 /* Public.swift */,
			);
			path = Helpers;
			sourceTree = "<group>";
		};
		BB526F8A2BA28B53006E6322 /* Shared */ = {
			isa = PBXGroup;
			children = (
				F78571CC2B9AC030000AC75E /* AppDelegate.swift */,
			);
			path = Shared;
			sourceTree = "<group>";
		};
		BB526F8B2BA28B81006E6322 /* View */ = {
			isa = PBXGroup;
			children = (
				F79E80C62BC6319A0028644C /* LyricsVC */,
				BB3A578D2BAB3EBF001AC9FD /* MainTabBar */,
				BBFFA9722BC2093C005BD5B5 /* TrendsCollectionView */,
				BBFFA9712BC20923005BD5B5 /* MusicTableView */,
				BBFFA9792BC212BF005BD5B5 /* PlaylistsTableView */,
				BBFFA96C2BC11256005BD5B5 /* LunchScreenLoad */,
				F748FAF02BBF5A7200A3488B /* SettingsVC */,
				BB3A578C2BAB3E9C001AC9FD /* History */,
				BB3A578B2BAB3E69001AC9FD /* Search */,
				F7754E9C2BAB3582003956C0 /* Player */,
				BB526F8C2BA28B89006E6322 /* Playlist */,
				BB954FC42BA94C0A001F12C0 /* CreatePlist */,
				BBF224C62BB16B0A00B99A66 /* CustomViews */,
				BB3A57932BAB3FD4001AC9FD /* LunchScreen */,
			);
			path = View;
			sourceTree = "<group>";
		};
		BB526F8C2BA28B89006E6322 /* Playlist */ = {
			isa = PBXGroup;
			children = (
				BB526F8D2BA28BB9006E6322 /* PlaylistVC.swift */,
				BB526F922BA28E0E006E6322 /* PlaylistVC.storyboard */,
				BB954FBE2BA94947001F12C0 /* PlistVC + TableView.swift */,
				BB954FC02BA94987001F12C0 /* PlistVC + CollectionView.swift */,
				BB954FC22BA94A41001F12C0 /* PlistVC+SearchBar.swift */,
				BBAC07912BA6E7C600971473 /* PlistTableCell */,
				BB8594EF2BAEA8C200E85A6F /* ConnectAppleMusic */,
				BBFE3CC42BA855BC00BA7863 /* TrendsCollectionCell */,
			);
			path = Playlist;
			sourceTree = "<group>";
		};
		BB526FA62BA29DDE006E6322 /* Fonts */ = {
			isa = PBXGroup;
			children = (
				BB526FA82BA29F0D006E6322 /* Heebo-Regular.ttf */,
				BBFFA96A2BC016CC005BD5B5 /* Heebo-Medium.ttf */,
			);
			path = Fonts;
			sourceTree = "<group>";
		};
		BB526FA72BA29DF4006E6322 /* Assets */ = {
			isa = PBXGroup;
			children = (
				F78571D52B9AC032000AC75E /* Assets.xcassets */,
				BB526FA62BA29DDE006E6322 /* Fonts */,
			);
			path = Assets;
			sourceTree = "<group>";
		};
		BB526FAA2BA2A220006E6322 /* Extensions */ = {
			isa = PBXGroup;
			children = (
				F7754EA12BAB35A1003956C0 /* UiView+CornerRadius.swift */,
				BB526FAB2BA2A23A006E6322 /* Extension + UIColor.swift */,
				F748FAE92BBD854E00A3488B /* UILabel+Gradient.swift */,
				BB7B479F2BBE9C5000DAE561 /* Extension+RoundedCorners.swift */,
				F77623182BC0D87A0071D202 /* UIView+360.swift */,
			);
			path = Extensions;
			sourceTree = "<group>";
		};
		BB8594EF2BAEA8C200E85A6F /* ConnectAppleMusic */ = {
			isa = PBXGroup;
			children = (
				BB8594F02BAEA90900E85A6F /* ConnectAppleMusicVC.swift */,
				BB8594F32BAEA92300E85A6F /* ConnectAppleMusicVC.storyboard */,
			);
			path = ConnectAppleMusic;
			sourceTree = "<group>";
		};
		BB954FC42BA94C0A001F12C0 /* CreatePlist */ = {
			isa = PBXGroup;
			children = (
				BB954FC52BA94C57001F12C0 /* CreatePlistVC.swift */,
				BB954FC72BA94C9B001F12C0 /* CreatePlistVC.storyboard */,
			);
			path = CreatePlist;
			sourceTree = "<group>";
		};
		BBAC07912BA6E7C600971473 /* PlistTableCell */ = {
			isa = PBXGroup;
			children = (
				BBAC07922BA6E7F900971473 /* PlistTableCell.swift */,
				BBAC07932BA6E7F900971473 /* PlistTableCell.xib */,
			);
			path = PlistTableCell;
			sourceTree = "<group>";
		};
		BBAE80C02BB80E6A0083F621 /* Premium */ = {
			isa = PBXGroup;
			children = (
				BBAE80C12BB80E910083F621 /* PremiumVC.swift */,
				BBAE80C32BB80E9B0083F621 /* PremiumVC.storyboard */,
			);
			path = Premium;
			sourceTree = "<group>";
		};
		BBAE80C52BB815BA0083F621 /* Accounts */ = {
			isa = PBXGroup;
			children = (
				BBAE80C72BB81B4B0083F621 /* LinkedAccountsVC.swift */,
				BBAE80C92BB81B590083F621 /* LinkedAccountVC.storyboard */,
			);
			path = Accounts;
			sourceTree = "<group>";
		};
		BBAE80CB2BB81F6D0083F621 /* NotAvailable */ = {
			isa = PBXGroup;
			children = (
				BBAE80CC2BB81F930083F621 /* NotAvailableVC.swift */,
				BBAE80CE2BB81F9D0083F621 /* NotAvailableVC.storyboard */,
			);
			path = NotAvailable;
			sourceTree = "<group>";
		};
		BBF224C62BB16B0A00B99A66 /* CustomViews */ = {
			isa = PBXGroup;
			children = (
				BBAE80CB2BB81F6D0083F621 /* NotAvailable */,
				BBAE80C52BB815BA0083F621 /* Accounts */,
				BBAE80C02BB80E6A0083F621 /* Premium */,
				BB1646002BB2BF9300E10257 /* PlayFullSongs */,
				BB1645EE2BB17D8D00E10257 /* PListOptions */,
				BB1645ED2BB17D7A00E10257 /* SongOptions */,
			);
			path = CustomViews;
			sourceTree = "<group>";
		};
		BBFE3CC42BA855BC00BA7863 /* TrendsCollectionCell */ = {
			isa = PBXGroup;
			children = (
				BBFE3CC72BA8565600BA7863 /* TrendsCollectionCell.swift */,
				BBFE3CC82BA8565600BA7863 /* TrendsCollectionCell.xib */,
			);
			path = TrendsCollectionCell;
			sourceTree = "<group>";
		};
		BBFFA96C2BC11256005BD5B5 /* LunchScreenLoad */ = {
			isa = PBXGroup;
			children = (
				BBFFA96D2BC11275005BD5B5 /* LunchScreenLoadVC.storyboard */,
				BBFFA96F2BC11283005BD5B5 /* LunchScreenLoadVC.swift */,
			);
			path = LunchScreenLoad;
			sourceTree = "<group>";
		};
		BBFFA9712BC20923005BD5B5 /* MusicTableView */ = {
			isa = PBXGroup;
			children = (
				BBFFA9732BC20960005BD5B5 /* MusicTableVC.swift */,
				BBFFA9752BC20977005BD5B5 /* MusicTableVC.storyboard */,
				BBFFA9772BC20A56005BD5B5 /* MusicTableVC+TableView.swift */,
			);
			path = MusicTableView;
			sourceTree = "<group>";
		};
		BBFFA9722BC2093C005BD5B5 /* TrendsCollectionView */ = {
			isa = PBXGroup;
			children = (
				BBFFA9802BC214AB005BD5B5 /* TrendsCollectionVC.swift */,
				BBFFA9822BC214B5005BD5B5 /* TrendsCollectionVC.storyboard */,
				BBFFA9842BC21514005BD5B5 /* Trends+Collections */,
			);
			path = TrendsCollectionView;
			sourceTree = "<group>";
		};
		BBFFA9792BC212BF005BD5B5 /* PlaylistsTableView */ = {
			isa = PBXGroup;
			children = (
				BBFFA97A2BC21305005BD5B5 /* PlaylistsTableVC.swift */,
				BBFFA97C2BC21312005BD5B5 /* PlaylistsTableVC.storyboard */,
				BBFFA97E2BC2136B005BD5B5 /* PlaylistsTableVC+TableView.swift */,
			);
			path = PlaylistsTableView;
			sourceTree = "<group>";
		};
		BBFFA9842BC21514005BD5B5 /* Trends+Collections */ = {
			isa = PBXGroup;
			children = (
				BBFFA9852BC2152F005BD5B5 /* TrendsCollection+CollectionView.swift */,
			);
			path = "Trends+Collections";
			sourceTree = "<group>";
		};
		E8192917C1A016F3D47D2867 /* Frameworks */ = {
			isa = PBXGroup;
			children = (
				1FD09DE62ECB2504FDAF6D4B /* Pods_IdentifyMusic.framework */,
			);
			name = Frameworks;
			sourceTree = "<group>";
		};
		F748FAEB2BBD8BEA00A3488B /* HistoryTableCell */ = {
			isa = PBXGroup;
			children = (
				F748FAEC2BBD8C0B00A3488B /* HistoryTableCell.swift */,
				F748FAED2BBD8C0B00A3488B /* HistoryTableCell.xib */,
			);
			path = HistoryTableCell;
			sourceTree = "<group>";
		};
		F748FAF02BBF5A7200A3488B /* SettingsVC */ = {
			isa = PBXGroup;
			children = (
				F748FAF12BBF5A8600A3488B /* SettingsVC.swift */,
				F748FAF32BBF5A9200A3488B /* SettingsVC.storyboard */,
			);
			path = SettingsVC;
			sourceTree = "<group>";
		};
		F7754E9C2BAB3582003956C0 /* Player */ = {
			isa = PBXGroup;
			children = (
				F7754E9D2BAB3582003956C0 /* PlayerVC.storyboard */,
				F7754E9E2BAB3582003956C0 /* PlayerVC.swift */,
			);
			path = Player;
			sourceTree = "<group>";
		};
		F7754EA52BAB35DD003956C0 /* Networking */ = {
			isa = PBXGroup;
			children = (
				F7754EA62BAB35DD003956C0 /* AppleMusicAPI.swift */,
			);
			path = Networking;
			sourceTree = "<group>";
		};
		F7754EA82BAB35DD003956C0 /* Model */ = {
			isa = PBXGroup;
			children = (
				F7754EA92BAB35DD003956C0 /* Song.swift */,
			);
			path = Model;
			sourceTree = "<group>";
		};
		F7754EB12BAB367A003956C0 /* Classes */ = {
			isa = PBXGroup;
			children = (
				F7754EAF2BAB3652003956C0 /* SelfSizedTableView.swift */,
				BB85B8E22BBA60770099DE56 /* PulseAnimation.swift */,
				BB4DB5342BBD61530081E62C /* UIView+CALayer.swift */,
				F79E80C42BC630CA0028644C /* FilePresentationController.swift */,
			);
			path = Classes;
			sourceTree = "<group>";
		};
		F78571C02B9AC030000AC75E = {
			isa = PBXGroup;
			children = (
				F78571CB2B9AC030000AC75E /* IdentifyMusic */,
				F78571CA2B9AC030000AC75E /* Products */,
				21E08F2AE486614DFA3396C8 /* Pods */,
				E8192917C1A016F3D47D2867 /* Frameworks */,
			);
			sourceTree = "<group>";
		};
		F78571CA2B9AC030000AC75E /* Products */ = {
			isa = PBXGroup;
			children = (
				F78571C92B9AC030000AC75E /* IdentifyMusic.app */,
			);
			name = Products;
			sourceTree = "<group>";
		};
		F78571CB2B9AC030000AC75E /* IdentifyMusic */ = {
			isa = PBXGroup;
			children = (
				BB526F8A2BA28B53006E6322 /* Shared */,
				F7754EA82BAB35DD003956C0 /* Model */,
				F7754EA52BAB35DD003956C0 /* Networking */,
				F7754EB12BAB367A003956C0 /* Classes */,
				BB526F8B2BA28B81006E6322 /* View */,
				BB526FAA2BA2A220006E6322 /* Extensions */,
				BB3A57942BAB3FEF001AC9FD /* Helpers */,
				BB526FA72BA29DF4006E6322 /* Assets */,
				F78571DA2B9AC032000AC75E /* Info.plist */,
			);
			path = IdentifyMusic;
			sourceTree = "<group>";
		};
		F79E80C62BC6319A0028644C /* LyricsVC */ = {
			isa = PBXGroup;
			children = (
				F79E80C72BC631AC0028644C /* LyricsVC.swift */,
				F79E80C92BC631B60028644C /* LyricsVC.storyboard */,
			);
			path = LyricsVC;
			sourceTree = "<group>";
		};
		F7D7D97A2BC51CA600896EAB /* SearchVC */ = {
			isa = PBXGroup;
			children = (
				F78571D02B9AC030000AC75E /* SearchVC.swift */,
				BB3A578F2BAB3F2E001AC9FD /* SearchVC.storyboard */,
				BB85B8E02BBA35700099DE56 /* SearchVC+SearchBar.swift */,
			);
			path = SearchVC;
			sourceTree = "<group>";
		};
		F7D7D97B2BC51CB400896EAB /* SearchResultsVC */ = {
			isa = PBXGroup;
			children = (
				F7D7D97C2BC51CC500896EAB /* SearchResultsVC.swift */,
				F7D7D97E2BC51CCE00896EAB /* SearchResultsVC.storyboard */,
				F7D7D9802BC51F1000896EAB /* SearchResults+TableView.swift */,
				F7D7D9822BC51F8400896EAB /* SearchResults+SearchBar.swift */,
			);
			path = SearchResultsVC;
			sourceTree = "<group>";
		};
/* End PBXGroup section */

/* Begin PBXNativeTarget section */
		F78571C82B9AC030000AC75E /* IdentifyMusic */ = {
			isa = PBXNativeTarget;
			buildConfigurationList = F78571DD2B9AC032000AC75E /* Build configuration list for PBXNativeTarget "IdentifyMusic" */;
			buildPhases = (
				6BEC50DE025B9A818AA37845 /* [CP] Check Pods Manifest.lock */,
				F78571C52B9AC030000AC75E /* Sources */,
				F78571C62B9AC030000AC75E /* Frameworks */,
				F78571C72B9AC030000AC75E /* Resources */,
			);
			buildRules = (
			);
			dependencies = (
			);
			name = IdentifyMusic;
			productName = IdentifyMusic;
			productReference = F78571C92B9AC030000AC75E /* IdentifyMusic.app */;
			productType = "com.apple.product-type.application";
		};
/* End PBXNativeTarget section */

/* Begin PBXProject section */
		F78571C12B9AC030000AC75E /* Project object */ = {
			isa = PBXProject;
			attributes = {
				BuildIndependentTargetsInParallel = 1;
				LastSwiftUpdateCheck = 1500;
				LastUpgradeCheck = 1500;
				TargetAttributes = {
					F78571C82B9AC030000AC75E = {
						CreatedOnToolsVersion = 15.0;
					};
				};
			};
			buildConfigurationList = F78571C42B9AC030000AC75E /* Build configuration list for PBXProject "IdentifyMusic" */;
			compatibilityVersion = "Xcode 14.0";
			developmentRegion = en;
			hasScannedForEncodings = 0;
			knownRegions = (
				en,
				Base,
			);
			mainGroup = F78571C02B9AC030000AC75E;
			productRefGroup = F78571CA2B9AC030000AC75E /* Products */;
			projectDirPath = "";
			projectRoot = "";
			targets = (
				F78571C82B9AC030000AC75E /* IdentifyMusic */,
			);
		};
/* End PBXProject section */

/* Begin PBXResourcesBuildPhase section */
		F78571C72B9AC030000AC75E /* Resources */ = {
			isa = PBXResourcesBuildPhase;
			buildActionMask = 2147483647;
			files = (
				F7754E9F2BAB3583003956C0 /* PlayerVC.storyboard in Resources */,
				BBFFA9832BC214B5005BD5B5 /* TrendsCollectionVC.storyboard in Resources */,
				BBFFA96B2BC016CC005BD5B5 /* Heebo-Medium.ttf in Resources */,
				F79E80CA2BC631B60028644C /* LyricsVC.storyboard in Resources */,
				BBFFA9762BC20977005BD5B5 /* MusicTableVC.storyboard in Resources */,
				F78571D92B9AC032000AC75E /* LaunchScreen.storyboard in Resources */,
				BB954FC82BA94C9B001F12C0 /* CreatePlistVC.storyboard in Resources */,
				BB526FA92BA29F0D006E6322 /* Heebo-Regular.ttf in Resources */,
				F78571D62B9AC032000AC75E /* Assets.xcassets in Resources */,
				BBFFA96E2BC11275005BD5B5 /* LunchScreenLoadVC.storyboard in Resources */,
				BBAE80CF2BB81F9D0083F621 /* NotAvailableVC.storyboard in Resources */,
				F748FAF42BBF5A9200A3488B /* SettingsVC.storyboard in Resources */,
				BB1645F92BB2BE4400E10257 /* PListOptionsVC.storyboard in Resources */,
				BBF224CA2BB16BA200B99A66 /* SongOptionsVC.storyboard in Resources */,
				BBFE3CCA2BA8565600BA7863 /* TrendsCollectionCell.xib in Resources */,
				BB3A57902BAB3F2E001AC9FD /* SearchVC.storyboard in Resources */,
				BBAC07952BA6E7F900971473 /* PlistTableCell.xib in Resources */,
				BBFFA97D2BC21312005BD5B5 /* PlaylistsTableVC.storyboard in Resources */,
				BBAE80C42BB80E9B0083F621 /* PremiumVC.storyboard in Resources */,
				BB1646042BB2BFC600E10257 /* PlayFullSongsVC.storyboard in Resources */,
				F748FAEF2BBD8C0B00A3488B /* HistoryTableCell.xib in Resources */,
				F7D7D97F2BC51CCE00896EAB /* SearchResultsVC.storyboard in Resources */,
				BB3A57922BAB3F45001AC9FD /* HistoryVC.storyboard in Resources */,
				BB526F932BA28E0E006E6322 /* PlaylistVC.storyboard in Resources */,
				BBAE80CA2BB81B590083F621 /* LinkedAccountVC.storyboard in Resources */,
				BB8594F42BAEA92300E85A6F /* ConnectAppleMusicVC.storyboard in Resources */,
			);
			runOnlyForDeploymentPostprocessing = 0;
		};
/* End PBXResourcesBuildPhase section */

/* Begin PBXShellScriptBuildPhase section */
		6BEC50DE025B9A818AA37845 /* [CP] Check Pods Manifest.lock */ = {
			isa = PBXShellScriptBuildPhase;
			buildActionMask = 2147483647;
			files = (
			);
			inputFileListPaths = (
			);
			inputPaths = (
				"${PODS_PODFILE_DIR_PATH}/Podfile.lock",
				"${PODS_ROOT}/Manifest.lock",
			);
			name = "[CP] Check Pods Manifest.lock";
			outputFileListPaths = (
			);
			outputPaths = (
				"$(DERIVED_FILE_DIR)/Pods-IdentifyMusic-checkManifestLockResult.txt",
			);
			runOnlyForDeploymentPostprocessing = 0;
			shellPath = /bin/sh;
			shellScript = "diff \"${PODS_PODFILE_DIR_PATH}/Podfile.lock\" \"${PODS_ROOT}/Manifest.lock\" > /dev/null\nif [ $? != 0 ] ; then\n    # print error to STDERR\n    echo \"error: The sandbox is not in sync with the Podfile.lock. Run 'pod install' or update your CocoaPods installation.\" >&2\n    exit 1\nfi\n# This output is used by Xcode 'outputs' to avoid re-running this script phase.\necho \"SUCCESS\" > \"${SCRIPT_OUTPUT_FILE_0}\"\n";
			showEnvVarsInLog = 0;
		};
/* End PBXShellScriptBuildPhase section */

/* Begin PBXSourcesBuildPhase section */
		F78571C52B9AC030000AC75E /* Sources */ = {
			isa = PBXSourcesBuildPhase;
			buildActionMask = 2147483647;
			files = (
				BB1645F42BB17EBA00E10257 /* Public.swift in Sources */,
				BBFFA9702BC11283005BD5B5 /* LunchScreenLoadVC.swift in Sources */,
				BB85B8E12BBA35700099DE56 /* SearchVC+SearchBar.swift in Sources */,
				BB7B47A02BBE9C5000DAE561 /* Extension+RoundedCorners.swift in Sources */,
				BB954FC12BA94987001F12C0 /* PlistVC + CollectionView.swift in Sources */,
				F748FAE82BBD82B300A3488B /* HistoryVC+SearchBar.swift in Sources */,
				F7754EAC2BAB35DD003956C0 /* Constants.swift in Sources */,
				BBAE80C82BB81B4B0083F621 /* LinkedAccountsVC.swift in Sources */,
				F7754EAB2BAB35DD003956C0 /* AppleMusicAPI.swift in Sources */,
				F77623192BC0D87A0071D202 /* UIView+360.swift in Sources */,
				BB1646022BB2BFBD00E10257 /* PlayFullSongsVC.swift in Sources */,
				BB1645F22BB17DDC00E10257 /* PListOptionsVC.swift in Sources */,
				F7754EAD2BAB35DD003956C0 /* Song.swift in Sources */,
				F7D7D97D2BC51CC500896EAB /* SearchResultsVC.swift in Sources */,
				BBF224C82BB16B6A00B99A66 /* SongOptionsVC.swift in Sources */,
				F748FAF22BBF5A8600A3488B /* SettingsVC.swift in Sources */,
				F748FAEE2BBD8C0B00A3488B /* HistoryTableCell.swift in Sources */,
				F78571D12B9AC030000AC75E /* SearchVC.swift in Sources */,
				BB8594F12BAEA90900E85A6F /* ConnectAppleMusicVC.swift in Sources */,
				BB4DB5352BBD61530081E62C /* UIView+CALayer.swift in Sources */,
				F7D7D9832BC51F8400896EAB /* SearchResults+SearchBar.swift in Sources */,
				BBAE80C22BB80E910083F621 /* PremiumVC.swift in Sources */,
				F748FAEA2BBD854E00A3488B /* UILabel+Gradient.swift in Sources */,
				BBFE3CC92BA8565600BA7863 /* TrendsCollectionCell.swift in Sources */,
				F79E80C82BC631AC0028644C /* LyricsVC.swift in Sources */,
				BB526F8F2BA28BB9006E6322 /* PlaylistVC.swift in Sources */,
				BBFFA97B2BC21305005BD5B5 /* PlaylistsTableVC.swift in Sources */,
				BBAC07942BA6E7F900971473 /* PlistTableCell.swift in Sources */,
				F7D7D9812BC51F1000896EAB /* SearchResults+TableView.swift in Sources */,
				BB85B8E32BBA60770099DE56 /* PulseAnimation.swift in Sources */,
				BBFFA9862BC2152F005BD5B5 /* TrendsCollection+CollectionView.swift in Sources */,
				F79E80C52BC630CA0028644C /* FilePresentationController.swift in Sources */,
				BB954FC62BA94C57001F12C0 /* CreatePlistVC.swift in Sources */,
				F7754EB02BAB3652003956C0 /* SelfSizedTableView.swift in Sources */,
				BBFFA9742BC20960005BD5B5 /* MusicTableVC.swift in Sources */,
				F73B5A892B9CA7F100521C7F /* HistoryVC.swift in Sources */,
				BBFFA9812BC214AB005BD5B5 /* TrendsCollectionVC.swift in Sources */,
				BBFFA97F2BC2136B005BD5B5 /* PlaylistsTableVC+TableView.swift in Sources */,
				BBAE80CD2BB81F930083F621 /* NotAvailableVC.swift in Sources */,
				F73B5A872B9CA73F00521C7F /* MainTabBar.swift in Sources */,
				BBFFA9782BC20A56005BD5B5 /* MusicTableVC+TableView.swift in Sources */,
				F7754EA22BAB35A1003956C0 /* UiView+CornerRadius.swift in Sources */,
				F7754EA02BAB3583003956C0 /* PlayerVC.swift in Sources */,
				F78571CD2B9AC030000AC75E /* AppDelegate.swift in Sources */,
				BB85B8E62BBC28DA0099DE56 /* HistoryVC+TableView.swift in Sources */,
				BB954FBF2BA94947001F12C0 /* PlistVC + TableView.swift in Sources */,
				BB954FC32BA94A41001F12C0 /* PlistVC+SearchBar.swift in Sources */,
				BB526FAC2BA2A23A006E6322 /* Extension + UIColor.swift in Sources */,
			);
			runOnlyForDeploymentPostprocessing = 0;
		};
/* End PBXSourcesBuildPhase section */

/* Begin PBXVariantGroup section */
		F78571D72B9AC032000AC75E /* LaunchScreen.storyboard */ = {
			isa = PBXVariantGroup;
			children = (
				F78571D82B9AC032000AC75E /* Base */,
			);
			name = LaunchScreen.storyboard;
			sourceTree = "<group>";
		};
/* End PBXVariantGroup section */

/* Begin XCBuildConfiguration section */
		F78571DB2B9AC032000AC75E /* Debug */ = {
			isa = XCBuildConfiguration;
			buildSettings = {
				ALWAYS_SEARCH_USER_PATHS = NO;
				ASSETCATALOG_COMPILER_GENERATE_SWIFT_ASSET_SYMBOL_EXTENSIONS = YES;
				CLANG_ANALYZER_NONNULL = YES;
				CLANG_ANALYZER_NUMBER_OBJECT_CONVERSION = YES_AGGRESSIVE;
				CLANG_CXX_LANGUAGE_STANDARD = "gnu++20";
				CLANG_ENABLE_MODULES = YES;
				CLANG_ENABLE_OBJC_ARC = YES;
				CLANG_ENABLE_OBJC_WEAK = YES;
				CLANG_WARN_BLOCK_CAPTURE_AUTORELEASING = YES;
				CLANG_WARN_BOOL_CONVERSION = YES;
				CLANG_WARN_COMMA = YES;
				CLANG_WARN_CONSTANT_CONVERSION = YES;
				CLANG_WARN_DEPRECATED_OBJC_IMPLEMENTATIONS = YES;
				CLANG_WARN_DIRECT_OBJC_ISA_USAGE = YES_ERROR;
				CLANG_WARN_DOCUMENTATION_COMMENTS = YES;
				CLANG_WARN_EMPTY_BODY = YES;
				CLANG_WARN_ENUM_CONVERSION = YES;
				CLANG_WARN_INFINITE_RECURSION = YES;
				CLANG_WARN_INT_CONVERSION = YES;
				CLANG_WARN_NON_LITERAL_NULL_CONVERSION = YES;
				CLANG_WARN_OBJC_IMPLICIT_RETAIN_SELF = YES;
				CLANG_WARN_OBJC_LITERAL_CONVERSION = YES;
				CLANG_WARN_OBJC_ROOT_CLASS = YES_ERROR;
				CLANG_WARN_QUOTED_INCLUDE_IN_FRAMEWORK_HEADER = YES;
				CLANG_WARN_RANGE_LOOP_ANALYSIS = YES;
				CLANG_WARN_STRICT_PROTOTYPES = YES;
				CLANG_WARN_SUSPICIOUS_MOVE = YES;
				CLANG_WARN_UNGUARDED_AVAILABILITY = YES_AGGRESSIVE;
				CLANG_WARN_UNREACHABLE_CODE = YES;
				CLANG_WARN__DUPLICATE_METHOD_MATCH = YES;
				COPY_PHASE_STRIP = NO;
				DEBUG_INFORMATION_FORMAT = dwarf;
				ENABLE_STRICT_OBJC_MSGSEND = YES;
				ENABLE_TESTABILITY = YES;
				ENABLE_USER_SCRIPT_SANDBOXING = NO;
				GCC_C_LANGUAGE_STANDARD = gnu17;
				GCC_DYNAMIC_NO_PIC = NO;
				GCC_NO_COMMON_BLOCKS = YES;
				GCC_OPTIMIZATION_LEVEL = 0;
				GCC_PREPROCESSOR_DEFINITIONS = (
					"DEBUG=1",
					"$(inherited)",
				);
				GCC_WARN_64_TO_32_BIT_CONVERSION = YES;
				GCC_WARN_ABOUT_RETURN_TYPE = YES_ERROR;
				GCC_WARN_UNDECLARED_SELECTOR = YES;
				GCC_WARN_UNINITIALIZED_AUTOS = YES_AGGRESSIVE;
				GCC_WARN_UNUSED_FUNCTION = YES;
				GCC_WARN_UNUSED_VARIABLE = YES;
				IPHONEOS_DEPLOYMENT_TARGET = 17.4;
				LOCALIZATION_PREFERS_STRING_CATALOGS = YES;
				MTL_ENABLE_DEBUG_INFO = INCLUDE_SOURCE;
				MTL_FAST_MATH = YES;
				ONLY_ACTIVE_ARCH = YES;
				SDKROOT = iphoneos;
				SWIFT_ACTIVE_COMPILATION_CONDITIONS = "DEBUG $(inherited)";
				SWIFT_OPTIMIZATION_LEVEL = "-Onone";
			};
			name = Debug;
		};
		F78571DC2B9AC032000AC75E /* Release */ = {
			isa = XCBuildConfiguration;
			buildSettings = {
				ALWAYS_SEARCH_USER_PATHS = NO;
				ASSETCATALOG_COMPILER_GENERATE_SWIFT_ASSET_SYMBOL_EXTENSIONS = YES;
				CLANG_ANALYZER_NONNULL = YES;
				CLANG_ANALYZER_NUMBER_OBJECT_CONVERSION = YES_AGGRESSIVE;
				CLANG_CXX_LANGUAGE_STANDARD = "gnu++20";
				CLANG_ENABLE_MODULES = YES;
				CLANG_ENABLE_OBJC_ARC = YES;
				CLANG_ENABLE_OBJC_WEAK = YES;
				CLANG_WARN_BLOCK_CAPTURE_AUTORELEASING = YES;
				CLANG_WARN_BOOL_CONVERSION = YES;
				CLANG_WARN_COMMA = YES;
				CLANG_WARN_CONSTANT_CONVERSION = YES;
				CLANG_WARN_DEPRECATED_OBJC_IMPLEMENTATIONS = YES;
				CLANG_WARN_DIRECT_OBJC_ISA_USAGE = YES_ERROR;
				CLANG_WARN_DOCUMENTATION_COMMENTS = YES;
				CLANG_WARN_EMPTY_BODY = YES;
				CLANG_WARN_ENUM_CONVERSION = YES;
				CLANG_WARN_INFINITE_RECURSION = YES;
				CLANG_WARN_INT_CONVERSION = YES;
				CLANG_WARN_NON_LITERAL_NULL_CONVERSION = YES;
				CLANG_WARN_OBJC_IMPLICIT_RETAIN_SELF = YES;
				CLANG_WARN_OBJC_LITERAL_CONVERSION = YES;
				CLANG_WARN_OBJC_ROOT_CLASS = YES_ERROR;
				CLANG_WARN_QUOTED_INCLUDE_IN_FRAMEWORK_HEADER = YES;
				CLANG_WARN_RANGE_LOOP_ANALYSIS = YES;
				CLANG_WARN_STRICT_PROTOTYPES = YES;
				CLANG_WARN_SUSPICIOUS_MOVE = YES;
				CLANG_WARN_UNGUARDED_AVAILABILITY = YES_AGGRESSIVE;
				CLANG_WARN_UNREACHABLE_CODE = YES;
				CLANG_WARN__DUPLICATE_METHOD_MATCH = YES;
				COPY_PHASE_STRIP = NO;
				DEBUG_INFORMATION_FORMAT = "dwarf-with-dsym";
				ENABLE_NS_ASSERTIONS = NO;
				ENABLE_STRICT_OBJC_MSGSEND = YES;
				ENABLE_USER_SCRIPT_SANDBOXING = NO;
				GCC_C_LANGUAGE_STANDARD = gnu17;
				GCC_NO_COMMON_BLOCKS = YES;
				GCC_WARN_64_TO_32_BIT_CONVERSION = YES;
				GCC_WARN_ABOUT_RETURN_TYPE = YES_ERROR;
				GCC_WARN_UNDECLARED_SELECTOR = YES;
				GCC_WARN_UNINITIALIZED_AUTOS = YES_AGGRESSIVE;
				GCC_WARN_UNUSED_FUNCTION = YES;
				GCC_WARN_UNUSED_VARIABLE = YES;
				IPHONEOS_DEPLOYMENT_TARGET = 17.4;
				LOCALIZATION_PREFERS_STRING_CATALOGS = YES;
				MTL_ENABLE_DEBUG_INFO = NO;
				MTL_FAST_MATH = YES;
				SDKROOT = iphoneos;
				SWIFT_COMPILATION_MODE = wholemodule;
				VALIDATE_PRODUCT = YES;
			};
			name = Release;
		};
		F78571DE2B9AC032000AC75E /* Debug */ = {
			isa = XCBuildConfiguration;
			baseConfigurationReference = B59387F5BC9962A72DA77DBA /* Pods-IdentifyMusic.debug.xcconfig */;
			buildSettings = {
				ASSETCATALOG_COMPILER_APPICON_NAME = AppIcon;
				ASSETCATALOG_COMPILER_GLOBAL_ACCENT_COLOR_NAME = AccentColor;
				CODE_SIGN_IDENTITY = "Apple Development";
				CODE_SIGN_STYLE = Automatic;
				CURRENT_PROJECT_VERSION = 1;
				DEVELOPMENT_TEAM = ZHXVY6M87Z;
				GENERATE_INFOPLIST_FILE = YES;
				INFOPLIST_FILE = IdentifyMusic/Info.plist;
				INFOPLIST_KEY_NSAppleMusicUsageDescription = "Please allow access in order to continue using the app";
				INFOPLIST_KEY_UIApplicationSupportsIndirectInputEvents = YES;
				INFOPLIST_KEY_UILaunchStoryboardName = LaunchScreen;
				INFOPLIST_KEY_UIRequiresFullScreen = NO;
				INFOPLIST_KEY_UIStatusBarHidden = NO;
				INFOPLIST_KEY_UIStatusBarStyle = UIStatusBarStyleLightContent;
				INFOPLIST_KEY_UISupportedInterfaceOrientations = UIInterfaceOrientationPortrait;
				IPHONEOS_DEPLOYMENT_TARGET = 15.0;
				LD_RUNPATH_SEARCH_PATHS = (
					"$(inherited)",
					"@executable_path/Frameworks",
				);
				MARKETING_VERSION = 1.0;
				PRODUCT_BUNDLE_IDENTIFIER = joelSosa.com.IdentifyMusic;
				PRODUCT_NAME = "$(TARGET_NAME)";
				PROVISIONING_PROFILE_SPECIFIER = "";
				SWIFT_EMIT_LOC_STRINGS = YES;
				SWIFT_VERSION = 5.0;
				TARGETED_DEVICE_FAMILY = "1,2";
			};
			name = Debug;
		};
		F78571DF2B9AC032000AC75E /* Release */ = {
			isa = XCBuildConfiguration;
			baseConfigurationReference = 40A91D91660040A3126CF9D9 /* Pods-IdentifyMusic.release.xcconfig */;
			buildSettings = {
				ASSETCATALOG_COMPILER_APPICON_NAME = AppIcon;
				ASSETCATALOG_COMPILER_GLOBAL_ACCENT_COLOR_NAME = AccentColor;
				CODE_SIGN_STYLE = Automatic;
				CURRENT_PROJECT_VERSION = 1;
				DEVELOPMENT_TEAM = ZHXVY6M87Z;
				GENERATE_INFOPLIST_FILE = YES;
				INFOPLIST_FILE = IdentifyMusic/Info.plist;
				INFOPLIST_KEY_NSAppleMusicUsageDescription = "Please allow access in order to continue using the app";
				INFOPLIST_KEY_UIApplicationSupportsIndirectInputEvents = YES;
				INFOPLIST_KEY_UILaunchStoryboardName = LaunchScreen;
				INFOPLIST_KEY_UIRequiresFullScreen = NO;
				INFOPLIST_KEY_UIStatusBarHidden = NO;
				INFOPLIST_KEY_UIStatusBarStyle = UIStatusBarStyleLightContent;
				INFOPLIST_KEY_UISupportedInterfaceOrientations = UIInterfaceOrientationPortrait;
				IPHONEOS_DEPLOYMENT_TARGET = 15.0;
				LD_RUNPATH_SEARCH_PATHS = (
					"$(inherited)",
					"@executable_path/Frameworks",
				);
				MARKETING_VERSION = 1.0;
				PRODUCT_BUNDLE_IDENTIFIER = joelSosa.com.IdentifyMusic;
				PRODUCT_NAME = "$(TARGET_NAME)";
				SWIFT_EMIT_LOC_STRINGS = YES;
				SWIFT_VERSION = 5.0;
				TARGETED_DEVICE_FAMILY = "1,2";
			};
			name = Release;
		};
/* End XCBuildConfiguration section */

/* Begin XCConfigurationList section */
		F78571C42B9AC030000AC75E /* Build configuration list for PBXProject "IdentifyMusic" */ = {
			isa = XCConfigurationList;
			buildConfigurations = (
				F78571DB2B9AC032000AC75E /* Debug */,
				F78571DC2B9AC032000AC75E /* Release */,
			);
			defaultConfigurationIsVisible = 0;
			defaultConfigurationName = Release;
		};
		F78571DD2B9AC032000AC75E /* Build configuration list for PBXNativeTarget "IdentifyMusic" */ = {
			isa = XCConfigurationList;
			buildConfigurations = (
				F78571DE2B9AC032000AC75E /* Debug */,
				F78571DF2B9AC032000AC75E /* Release */,
			);
			defaultConfigurationIsVisible = 0;
			defaultConfigurationName = Release;
		};
/* End XCConfigurationList section */
	};
	rootObject = F78571C12B9AC030000AC75E /* Project object */;
}
