// !$*UTF8*$!
{
	archiveVersion = 1;
	classes = {
	};
	objectVersion = 56;
	objects = {

/* Begin PBXBuildFile section */
		BB526F8F2BA28BB9006E6322 /* PlaylistVC.swift in Sources */ = {isa = PBXBuildFile; fileRef = BB526F8D2BA28BB9006E6322 /* PlaylistVC.swift */; };
		BB526F932BA28E0E006E6322 /* PlaylistVC.storyboard in Resources */ = {isa = PBXBuildFile; fileRef = BB526F922BA28E0E006E6322 /* PlaylistVC.storyboard */; };
		BB526FA92BA29F0D006E6322 /* Heebo-Regular.ttf in Resources */ = {isa = PBXBuildFile; fileRef = BB526FA82BA29F0D006E6322 /* Heebo-Regular.ttf */; };
		BB526FAC2BA2A23A006E6322 /* Extension + UIColor.swift in Sources */ = {isa = PBXBuildFile; fileRef = BB526FAB2BA2A23A006E6322 /* Extension + UIColor.swift */; };
		F73B5A872B9CA73F00521C7F /* MainTabBar.swift in Sources */ = {isa = PBXBuildFile; fileRef = F73B5A862B9CA73F00521C7F /* MainTabBar.swift */; };
		F73B5A892B9CA7F100521C7F /* HistoryVC.swift in Sources */ = {isa = PBXBuildFile; fileRef = F73B5A882B9CA7F100521C7F /* HistoryVC.swift */; };
		F78571CD2B9AC030000AC75E /* AppDelegate.swift in Sources */ = {isa = PBXBuildFile; fileRef = F78571CC2B9AC030000AC75E /* AppDelegate.swift */; };
		F78571D12B9AC030000AC75E /* SearchVC.swift in Sources */ = {isa = PBXBuildFile; fileRef = F78571D02B9AC030000AC75E /* SearchVC.swift */; };
		F78571D42B9AC030000AC75E /* Main.storyboard in Resources */ = {isa = PBXBuildFile; fileRef = F78571D22B9AC030000AC75E /* Main.storyboard */; };
		F78571D62B9AC032000AC75E /* Assets.xcassets in Resources */ = {isa = PBXBuildFile; fileRef = F78571D52B9AC032000AC75E /* Assets.xcassets */; };
		F78571D92B9AC032000AC75E /* LaunchScreen.storyboard in Resources */ = {isa = PBXBuildFile; fileRef = F78571D72B9AC032000AC75E /* LaunchScreen.storyboard */; };
		F78571E32B9AC43F000AC75E /* Signika-VariableFont_GRAD,wght.ttf in Resources */ = {isa = PBXBuildFile; fileRef = F78571E22B9AC43F000AC75E /* Signika-VariableFont_GRAD,wght.ttf */; };
/* End PBXBuildFile section */

/* Begin PBXFileReference section */
		BB526F8D2BA28BB9006E6322 /* PlaylistVC.swift */ = {isa = PBXFileReference; lastKnownFileType = sourcecode.swift; path = PlaylistVC.swift; sourceTree = "<group>"; };
		BB526F922BA28E0E006E6322 /* PlaylistVC.storyboard */ = {isa = PBXFileReference; lastKnownFileType = file.storyboard; path = PlaylistVC.storyboard; sourceTree = "<group>"; };
		BB526FA82BA29F0D006E6322 /* Heebo-Regular.ttf */ = {isa = PBXFileReference; lastKnownFileType = file; path = "Heebo-Regular.ttf"; sourceTree = "<group>"; };
		BB526FAB2BA2A23A006E6322 /* Extension + UIColor.swift */ = {isa = PBXFileReference; lastKnownFileType = sourcecode.swift; path = "Extension + UIColor.swift"; sourceTree = "<group>"; };
		F73B5A862B9CA73F00521C7F /* MainTabBar.swift */ = {isa = PBXFileReference; lastKnownFileType = sourcecode.swift; path = MainTabBar.swift; sourceTree = "<group>"; };
		F73B5A882B9CA7F100521C7F /* HistoryVC.swift */ = {isa = PBXFileReference; lastKnownFileType = sourcecode.swift; path = HistoryVC.swift; sourceTree = "<group>"; };
		F78571C92B9AC030000AC75E /* IdentifyMusic.app */ = {isa = PBXFileReference; explicitFileType = wrapper.application; includeInIndex = 0; path = IdentifyMusic.app; sourceTree = BUILT_PRODUCTS_DIR; };
		F78571CC2B9AC030000AC75E /* AppDelegate.swift */ = {isa = PBXFileReference; lastKnownFileType = sourcecode.swift; path = AppDelegate.swift; sourceTree = "<group>"; };
		F78571D02B9AC030000AC75E /* SearchVC.swift */ = {isa = PBXFileReference; lastKnownFileType = sourcecode.swift; path = SearchVC.swift; sourceTree = "<group>"; };
		F78571D32B9AC030000AC75E /* Base */ = {isa = PBXFileReference; lastKnownFileType = file.storyboard; name = Base; path = Base.lproj/Main.storyboard; sourceTree = "<group>"; };
		F78571D52B9AC032000AC75E /* Assets.xcassets */ = {isa = PBXFileReference; lastKnownFileType = folder.assetcatalog; path = Assets.xcassets; sourceTree = "<group>"; };
		F78571D82B9AC032000AC75E /* Base */ = {isa = PBXFileReference; lastKnownFileType = file.storyboard; name = Base; path = Base.lproj/LaunchScreen.storyboard; sourceTree = "<group>"; };
		F78571DA2B9AC032000AC75E /* Info.plist */ = {isa = PBXFileReference; lastKnownFileType = text.plist.xml; path = Info.plist; sourceTree = "<group>"; };
		F78571E22B9AC43F000AC75E /* Signika-VariableFont_GRAD,wght.ttf */ = {isa = PBXFileReference; lastKnownFileType = file; path = "Signika-VariableFont_GRAD,wght.ttf"; sourceTree = "<group>"; };
/* End PBXFileReference section */

/* Begin PBXFrameworksBuildPhase section */
		F78571C62B9AC030000AC75E /* Frameworks */ = {
			isa = PBXFrameworksBuildPhase;
			buildActionMask = 2147483647;
			files = (
			);
			runOnlyForDeploymentPostprocessing = 0;
		};
/* End PBXFrameworksBuildPhase section */

/* Begin PBXGroup section */
		BB526F8A2BA28B53006E6322 /* Shared */ = {
			isa = PBXGroup;
			children = (
				F78571CC2B9AC030000AC75E /* AppDelegate.swift */,
			);
			path = Shared;
			sourceTree = "<group>";
		};
		BB526F8B2BA28B81006E6322 /* Views */ = {
			isa = PBXGroup;
			children = (
				BB526F8C2BA28B89006E6322 /* Playlist */,
			);
			path = Views;
			sourceTree = "<group>";
		};
		BB526F8C2BA28B89006E6322 /* Playlist */ = {
			isa = PBXGroup;
			children = (
				BB526F8D2BA28BB9006E6322 /* PlaylistVC.swift */,
				BB526F922BA28E0E006E6322 /* PlaylistVC.storyboard */,
			);
			path = Playlist;
			sourceTree = "<group>";
		};
		BB526FA62BA29DDE006E6322 /* Fonts */ = {
			isa = PBXGroup;
			children = (
				BB526FA82BA29F0D006E6322 /* Heebo-Regular.ttf */,
			);
			path = Fonts;
			sourceTree = "<group>";
		};
		BB526FA72BA29DF4006E6322 /* Assets */ = {
			isa = PBXGroup;
			children = (
				F78571D52B9AC032000AC75E /* Assets.xcassets */,
				BB526FA62BA29DDE006E6322 /* Fonts */,
			);
			path = Assets;
			sourceTree = "<group>";
		};
		BB526FAA2BA2A220006E6322 /* Extensions */ = {
			isa = PBXGroup;
			children = (
				BB526FAB2BA2A23A006E6322 /* Extension + UIColor.swift */,
			);
			path = Extensions;
			sourceTree = "<group>";
		};
		F78571C02B9AC030000AC75E = {
			isa = PBXGroup;
			children = (
				F78571CB2B9AC030000AC75E /* IdentifyMusic */,
				F78571CA2B9AC030000AC75E /* Products */,
			);
			sourceTree = "<group>";
		};
		F78571CA2B9AC030000AC75E /* Products */ = {
			isa = PBXGroup;
			children = (
				F78571C92B9AC030000AC75E /* IdentifyMusic.app */,
			);
			name = Products;
			sourceTree = "<group>";
		};
		F78571CB2B9AC030000AC75E /* IdentifyMusic */ = {
			isa = PBXGroup;
			children = (
				BB526F8A2BA28B53006E6322 /* Shared */,
				BB526F8B2BA28B81006E6322 /* Views */,
				BB526FAA2BA2A220006E6322 /* Extensions */,
				BB526FA72BA29DF4006E6322 /* Assets */,
				F78571D02B9AC030000AC75E /* SearchVC.swift */,
				F73B5A882B9CA7F100521C7F /* HistoryVC.swift */,
				F73B5A862B9CA73F00521C7F /* MainTabBar.swift */,
				F78571D22B9AC030000AC75E /* Main.storyboard */,
				F78571E22B9AC43F000AC75E /* Signika-VariableFont_GRAD,wght.ttf */,
				F78571D72B9AC032000AC75E /* LaunchScreen.storyboard */,
				F78571DA2B9AC032000AC75E /* Info.plist */,
			);
			path = IdentifyMusic;
			sourceTree = "<group>";
		};
/* End PBXGroup section */

/* Begin PBXNativeTarget section */
		F78571C82B9AC030000AC75E /* IdentifyMusic */ = {
			isa = PBXNativeTarget;
			buildConfigurationList = F78571DD2B9AC032000AC75E /* Build configuration list for PBXNativeTarget "IdentifyMusic" */;
			buildPhases = (
				F78571C52B9AC030000AC75E /* Sources */,
				F78571C62B9AC030000AC75E /* Frameworks */,
				F78571C72B9AC030000AC75E /* Resources */,
			);
			buildRules = (
			);
			dependencies = (
			);
			name = IdentifyMusic;
			packageProductDependencies = (
			);
			productName = IdentifyMusic;
			productReference = F78571C92B9AC030000AC75E /* IdentifyMusic.app */;
			productType = "com.apple.product-type.application";
		};
/* End PBXNativeTarget section */

/* Begin PBXProject section */
		F78571C12B9AC030000AC75E /* Project object */ = {
			isa = PBXProject;
			attributes = {
				BuildIndependentTargetsInParallel = 1;
				LastSwiftUpdateCheck = 1500;
				LastUpgradeCheck = 1500;
				TargetAttributes = {
					F78571C82B9AC030000AC75E = {
						CreatedOnToolsVersion = 15.0;
					};
				};
			};
			buildConfigurationList = F78571C42B9AC030000AC75E /* Build configuration list for PBXProject "IdentifyMusic" */;
			compatibilityVersion = "Xcode 14.0";
			developmentRegion = en;
			hasScannedForEncodings = 0;
			knownRegions = (
				en,
				Base,
			);
			mainGroup = F78571C02B9AC030000AC75E;
			packageReferences = (
				BB526FA12BA299E1006E6322 /* XCRemoteSwiftPackageReference "SDWebImage" */,
				BB526FAD2BA31CC8006E6322 /* XCRemoteSwiftPackageReference "EachNavigationBar" */,
			);
			productRefGroup = F78571CA2B9AC030000AC75E /* Products */;
			projectDirPath = "";
			projectRoot = "";
			targets = (
				F78571C82B9AC030000AC75E /* IdentifyMusic */,
			);
		};
/* End PBXProject section */

/* Begin PBXResourcesBuildPhase section */
		F78571C72B9AC030000AC75E /* Resources */ = {
			isa = PBXResourcesBuildPhase;
			buildActionMask = 2147483647;
			files = (
				F78571D92B9AC032000AC75E /* LaunchScreen.storyboard in Resources */,
				BB526FA92BA29F0D006E6322 /* Heebo-Regular.ttf in Resources */,
				F78571E32B9AC43F000AC75E /* Signika-VariableFont_GRAD,wght.ttf in Resources */,
				F78571D62B9AC032000AC75E /* Assets.xcassets in Resources */,
				F78571D42B9AC030000AC75E /* Main.storyboard in Resources */,
				BB526F932BA28E0E006E6322 /* PlaylistVC.storyboard in Resources */,
			);
			runOnlyForDeploymentPostprocessing = 0;
		};
/* End PBXResourcesBuildPhase section */

/* Begin PBXSourcesBuildPhase section */
		F78571C52B9AC030000AC75E /* Sources */ = {
			isa = PBXSourcesBuildPhase;
			buildActionMask = 2147483647;
			files = (
				F78571D12B9AC030000AC75E /* SearchVC.swift in Sources */,
				BB526F8F2BA28BB9006E6322 /* PlaylistVC.swift in Sources */,
				F73B5A892B9CA7F100521C7F /* HistoryVC.swift in Sources */,
				F73B5A872B9CA73F00521C7F /* MainTabBar.swift in Sources */,
				F78571CD2B9AC030000AC75E /* AppDelegate.swift in Sources */,
				BB526FAC2BA2A23A006E6322 /* Extension + UIColor.swift in Sources */,
			);
			runOnlyForDeploymentPostprocessing = 0;
		};
/* End PBXSourcesBuildPhase section */

/* Begin PBXVariantGroup section */
		F78571D22B9AC030000AC75E /* Main.storyboard */ = {
			isa = PBXVariantGroup;
			children = (
				F78571D32B9AC030000AC75E /* Base */,
			);
			name = Main.storyboard;
			sourceTree = "<group>";
		};
		F78571D72B9AC032000AC75E /* LaunchScreen.storyboard */ = {
			isa = PBXVariantGroup;
			children = (
				F78571D82B9AC032000AC75E /* Base */,
			);
			name = LaunchScreen.storyboard;
			sourceTree = "<group>";
		};
/* End PBXVariantGroup section */

/* Begin XCBuildConfiguration section */
		F78571DB2B9AC032000AC75E /* Debug */ = {
			isa = XCBuildConfiguration;
			buildSettings = {
				ALWAYS_SEARCH_USER_PATHS = NO;
				ASSETCATALOG_COMPILER_GENERATE_SWIFT_ASSET_SYMBOL_EXTENSIONS = YES;
				CLANG_ANALYZER_NONNULL = YES;
				CLANG_ANALYZER_NUMBER_OBJECT_CONVERSION = YES_AGGRESSIVE;
				CLANG_CXX_LANGUAGE_STANDARD = "gnu++20";
				CLANG_ENABLE_MODULES = YES;
				CLANG_ENABLE_OBJC_ARC = YES;
				CLANG_ENABLE_OBJC_WEAK = YES;
				CLANG_WARN_BLOCK_CAPTURE_AUTORELEASING = YES;
				CLANG_WARN_BOOL_CONVERSION = YES;
				CLANG_WARN_COMMA = YES;
				CLANG_WARN_CONSTANT_CONVERSION = YES;
				CLANG_WARN_DEPRECATED_OBJC_IMPLEMENTATIONS = YES;
				CLANG_WARN_DIRECT_OBJC_ISA_USAGE = YES_ERROR;
				CLANG_WARN_DOCUMENTATION_COMMENTS = YES;
				CLANG_WARN_EMPTY_BODY = YES;
				CLANG_WARN_ENUM_CONVERSION = YES;
				CLANG_WARN_INFINITE_RECURSION = YES;
				CLANG_WARN_INT_CONVERSION = YES;
				CLANG_WARN_NON_LITERAL_NULL_CONVERSION = YES;
				CLANG_WARN_OBJC_IMPLICIT_RETAIN_SELF = YES;
				CLANG_WARN_OBJC_LITERAL_CONVERSION = YES;
				CLANG_WARN_OBJC_ROOT_CLASS = YES_ERROR;
				CLANG_WARN_QUOTED_INCLUDE_IN_FRAMEWORK_HEADER = YES;
				CLANG_WARN_RANGE_LOOP_ANALYSIS = YES;
				CLANG_WARN_STRICT_PROTOTYPES = YES;
				CLANG_WARN_SUSPICIOUS_MOVE = YES;
				CLANG_WARN_UNGUARDED_AVAILABILITY = YES_AGGRESSIVE;
				CLANG_WARN_UNREACHABLE_CODE = YES;
				CLANG_WARN__DUPLICATE_METHOD_MATCH = YES;
				COPY_PHASE_STRIP = NO;
				DEBUG_INFORMATION_FORMAT = dwarf;
				ENABLE_STRICT_OBJC_MSGSEND = YES;
				ENABLE_TESTABILITY = YES;
				ENABLE_USER_SCRIPT_SANDBOXING = YES;
				GCC_C_LANGUAGE_STANDARD = gnu17;
				GCC_DYNAMIC_NO_PIC = NO;
				GCC_NO_COMMON_BLOCKS = YES;
				GCC_OPTIMIZATION_LEVEL = 0;
				GCC_PREPROCESSOR_DEFINITIONS = (
					"DEBUG=1",
					"$(inherited)",
				);
				GCC_WARN_64_TO_32_BIT_CONVERSION = YES;
				GCC_WARN_ABOUT_RETURN_TYPE = YES_ERROR;
				GCC_WARN_UNDECLARED_SELECTOR = YES;
				GCC_WARN_UNINITIALIZED_AUTOS = YES_AGGRESSIVE;
				GCC_WARN_UNUSED_FUNCTION = YES;
				GCC_WARN_UNUSED_VARIABLE = YES;
				IPHONEOS_DEPLOYMENT_TARGET = 17.0;
				LOCALIZATION_PREFERS_STRING_CATALOGS = YES;
				MTL_ENABLE_DEBUG_INFO = INCLUDE_SOURCE;
				MTL_FAST_MATH = YES;
				ONLY_ACTIVE_ARCH = YES;
				SDKROOT = iphoneos;
				SWIFT_ACTIVE_COMPILATION_CONDITIONS = "DEBUG $(inherited)";
				SWIFT_OPTIMIZATION_LEVEL = "-Onone";
			};
			name = Debug;
		};
		F78571DC2B9AC032000AC75E /* Release */ = {
			isa = XCBuildConfiguration;
			buildSettings = {
				ALWAYS_SEARCH_USER_PATHS = NO;
				ASSETCATALOG_COMPILER_GENERATE_SWIFT_ASSET_SYMBOL_EXTENSIONS = YES;
				CLANG_ANALYZER_NONNULL = YES;
				CLANG_ANALYZER_NUMBER_OBJECT_CONVERSION = YES_AGGRESSIVE;
				CLANG_CXX_LANGUAGE_STANDARD = "gnu++20";
				CLANG_ENABLE_MODULES = YES;
				CLANG_ENABLE_OBJC_ARC = YES;
				CLANG_ENABLE_OBJC_WEAK = YES;
				CLANG_WARN_BLOCK_CAPTURE_AUTORELEASING = YES;
				CLANG_WARN_BOOL_CONVERSION = YES;
				CLANG_WARN_COMMA = YES;
				CLANG_WARN_CONSTANT_CONVERSION = YES;
				CLANG_WARN_DEPRECATED_OBJC_IMPLEMENTATIONS = YES;
				CLANG_WARN_DIRECT_OBJC_ISA_USAGE = YES_ERROR;
				CLANG_WARN_DOCUMENTATION_COMMENTS = YES;
				CLANG_WARN_EMPTY_BODY = YES;
				CLANG_WARN_ENUM_CONVERSION = YES;
				CLANG_WARN_INFINITE_RECURSION = YES;
				CLANG_WARN_INT_CONVERSION = YES;
				CLANG_WARN_NON_LITERAL_NULL_CONVERSION = YES;
				CLANG_WARN_OBJC_IMPLICIT_RETAIN_SELF = YES;
				CLANG_WARN_OBJC_LITERAL_CONVERSION = YES;
				CLANG_WARN_OBJC_ROOT_CLASS = YES_ERROR;
				CLANG_WARN_QUOTED_INCLUDE_IN_FRAMEWORK_HEADER = YES;
				CLANG_WARN_RANGE_LOOP_ANALYSIS = YES;
				CLANG_WARN_STRICT_PROTOTYPES = YES;
				CLANG_WARN_SUSPICIOUS_MOVE = YES;
				CLANG_WARN_UNGUARDED_AVAILABILITY = YES_AGGRESSIVE;
				CLANG_WARN_UNREACHABLE_CODE = YES;
				CLANG_WARN__DUPLICATE_METHOD_MATCH = YES;
				COPY_PHASE_STRIP = NO;
				DEBUG_INFORMATION_FORMAT = "dwarf-with-dsym";
				ENABLE_NS_ASSERTIONS = NO;
				ENABLE_STRICT_OBJC_MSGSEND = YES;
				ENABLE_USER_SCRIPT_SANDBOXING = YES;
				GCC_C_LANGUAGE_STANDARD = gnu17;
				GCC_NO_COMMON_BLOCKS = YES;
				GCC_WARN_64_TO_32_BIT_CONVERSION = YES;
				GCC_WARN_ABOUT_RETURN_TYPE = YES_ERROR;
				GCC_WARN_UNDECLARED_SELECTOR = YES;
				GCC_WARN_UNINITIALIZED_AUTOS = YES_AGGRESSIVE;
				GCC_WARN_UNUSED_FUNCTION = YES;
				GCC_WARN_UNUSED_VARIABLE = YES;
				IPHONEOS_DEPLOYMENT_TARGET = 17.0;
				LOCALIZATION_PREFERS_STRING_CATALOGS = YES;
				MTL_ENABLE_DEBUG_INFO = NO;
				MTL_FAST_MATH = YES;
				SDKROOT = iphoneos;
				SWIFT_COMPILATION_MODE = wholemodule;
				VALIDATE_PRODUCT = YES;
			};
			name = Release;
		};
		F78571DE2B9AC032000AC75E /* Debug */ = {
			isa = XCBuildConfiguration;
			buildSettings = {
				ASSETCATALOG_COMPILER_APPICON_NAME = AppIcon;
				ASSETCATALOG_COMPILER_GLOBAL_ACCENT_COLOR_NAME = AccentColor;
				CODE_SIGN_STYLE = Automatic;
				CURRENT_PROJECT_VERSION = 1;
				GENERATE_INFOPLIST_FILE = YES;
				INFOPLIST_FILE = IdentifyMusic/Info.plist;
				INFOPLIST_KEY_UIApplicationSupportsIndirectInputEvents = YES;
				INFOPLIST_KEY_UILaunchStoryboardName = LaunchScreen;
				INFOPLIST_KEY_UIMainStoryboardFile = Main;
				INFOPLIST_KEY_UISupportedInterfaceOrientations_iPad = "UIInterfaceOrientationPortrait UIInterfaceOrientationPortraitUpsideDown UIInterfaceOrientationLandscapeLeft UIInterfaceOrientationLandscapeRight";
				INFOPLIST_KEY_UISupportedInterfaceOrientations_iPhone = "UIInterfaceOrientationPortrait UIInterfaceOrientationLandscapeLeft UIInterfaceOrientationLandscapeRight";
				IPHONEOS_DEPLOYMENT_TARGET = 15.0;
				LD_RUNPATH_SEARCH_PATHS = (
					"$(inherited)",
					"@executable_path/Frameworks",
				);
				MARKETING_VERSION = 1.0;
				PRODUCT_BUNDLE_IDENTIFIER = IdentifyMusic.com.IdentifyMusic;
				PRODUCT_NAME = "$(TARGET_NAME)";
				SWIFT_EMIT_LOC_STRINGS = YES;
				SWIFT_VERSION = 5.0;
				TARGETED_DEVICE_FAMILY = "1,2";
			};
			name = Debug;
		};
		F78571DF2B9AC032000AC75E /* Release */ = {
			isa = XCBuildConfiguration;
			buildSettings = {
				ASSETCATALOG_COMPILER_APPICON_NAME = AppIcon;
				ASSETCATALOG_COMPILER_GLOBAL_ACCENT_COLOR_NAME = AccentColor;
				CODE_SIGN_STYLE = Automatic;
				CURRENT_PROJECT_VERSION = 1;
				GENERATE_INFOPLIST_FILE = YES;
				INFOPLIST_FILE = IdentifyMusic/Info.plist;
				INFOPLIST_KEY_UIApplicationSupportsIndirectInputEvents = YES;
				INFOPLIST_KEY_UILaunchStoryboardName = LaunchScreen;
				INFOPLIST_KEY_UIMainStoryboardFile = Main;
				INFOPLIST_KEY_UISupportedInterfaceOrientations_iPad = "UIInterfaceOrientationPortrait UIInterfaceOrientationPortraitUpsideDown UIInterfaceOrientationLandscapeLeft UIInterfaceOrientationLandscapeRight";
				INFOPLIST_KEY_UISupportedInterfaceOrientations_iPhone = "UIInterfaceOrientationPortrait UIInterfaceOrientationLandscapeLeft UIInterfaceOrientationLandscapeRight";
				IPHONEOS_DEPLOYMENT_TARGET = 15.0;
				LD_RUNPATH_SEARCH_PATHS = (
					"$(inherited)",
					"@executable_path/Frameworks",
				);
				MARKETING_VERSION = 1.0;
				PRODUCT_BUNDLE_IDENTIFIER = IdentifyMusic.com.IdentifyMusic;
				PRODUCT_NAME = "$(TARGET_NAME)";
				SWIFT_EMIT_LOC_STRINGS = YES;
				SWIFT_VERSION = 5.0;
				TARGETED_DEVICE_FAMILY = "1,2";
			};
			name = Release;
		};
/* End XCBuildConfiguration section */

/* Begin XCConfigurationList section */
		F78571C42B9AC030000AC75E /* Build configuration list for PBXProject "IdentifyMusic" */ = {
			isa = XCConfigurationList;
			buildConfigurations = (
				F78571DB2B9AC032000AC75E /* Debug */,
				F78571DC2B9AC032000AC75E /* Release */,
			);
			defaultConfigurationIsVisible = 0;
			defaultConfigurationName = Release;
		};
		F78571DD2B9AC032000AC75E /* Build configuration list for PBXNativeTarget "IdentifyMusic" */ = {
			isa = XCConfigurationList;
			buildConfigurations = (
				F78571DE2B9AC032000AC75E /* Debug */,
				F78571DF2B9AC032000AC75E /* Release */,
			);
			defaultConfigurationIsVisible = 0;
			defaultConfigurationName = Release;
		};
/* End XCConfigurationList section */

/* Begin XCRemoteSwiftPackageReference section */
		BB526FA12BA299E1006E6322 /* XCRemoteSwiftPackageReference "SDWebImage" */ = {
			isa = XCRemoteSwiftPackageReference;
			repositoryURL = "https://github.com/SDWebImage/SDWebImage.git";
			requirement = {
				kind = upToNextMajorVersion;
				minimumVersion = 5.19.0;
			};
		};
		BB526FAD2BA31CC8006E6322 /* XCRemoteSwiftPackageReference "EachNavigationBar" */ = {
			isa = XCRemoteSwiftPackageReference;
			repositoryURL = "https://github.com/Pircate/EachNavigationBar.git";
			requirement = {
				kind = upToNextMajorVersion;
				minimumVersion = 2.0.0;
			};
		};
/* End XCRemoteSwiftPackageReference section */
	};
	rootObject = F78571C12B9AC030000AC75E /* Project object */;
}
